// !$*UTF8*$!
{
	archiveVersion = 1;
	classes = {
	};
	objectVersion = 55;
	objects = {

/* Begin PBXBuildFile section */
		3F04DB5D2759FDB700F6283C /* TicketSearchView.swift in Sources */ = {isa = PBXBuildFile; fileRef = 3F04DB5C2759FDB700F6283C /* TicketSearchView.swift */; };
		3F2A2F12271D6B52007276E1 /* PromoViewModel.swift in Sources */ = {isa = PBXBuildFile; fileRef = 3F2A2F11271D6B52007276E1 /* PromoViewModel.swift */; };
		3F2A2F15271D7513007276E1 /* OnBoaringView.swift in Sources */ = {isa = PBXBuildFile; fileRef = 3F2A2F14271D7513007276E1 /* OnBoaringView.swift */; };
		3F2A2F18271D760F007276E1 /* OnBoardingViewModel.swift in Sources */ = {isa = PBXBuildFile; fileRef = 3F2A2F17271D760F007276E1 /* OnBoardingViewModel.swift */; };
		3F2A2F1E271D7C98007276E1 /* Localizable.strings in Resources */ = {isa = PBXBuildFile; fileRef = 3F2A2F20271D7C98007276E1 /* Localizable.strings */; };
		3F2A2F25271D89DE007276E1 /* Image + Custom Images.swift in Sources */ = {isa = PBXBuildFile; fileRef = 3F2A2F24271D89DE007276E1 /* Image + Custom Images.swift */; };
		3F2A2F29271D9360007276E1 /* TabBarView.swift in Sources */ = {isa = PBXBuildFile; fileRef = 3F2A2F28271D9360007276E1 /* TabBarView.swift */; };
		3F2A2F2B271DA164007276E1 /* MainView.swift in Sources */ = {isa = PBXBuildFile; fileRef = 3F2A2F2A271DA164007276E1 /* MainView.swift */; };
		3F31C378275759000047BCCA /* FlightModel.swift in Sources */ = {isa = PBXBuildFile; fileRef = 3F31C374275759000047BCCA /* FlightModel.swift */; };
		3F31C379275759000047BCCA /* Aircraft.swift in Sources */ = {isa = PBXBuildFile; fileRef = 3F31C375275759000047BCCA /* Aircraft.swift */; };
		3F31C37A275759000047BCCA /* TicketModel.swift in Sources */ = {isa = PBXBuildFile; fileRef = 3F31C376275759000047BCCA /* TicketModel.swift */; };
		3F31C37B275759000047BCCA /* AircraftImage.swift in Sources */ = {isa = PBXBuildFile; fileRef = 3F31C377275759000047BCCA /* AircraftImage.swift */; };
		3F31C37E27575FDE0047BCCA /* FlightViewViewModel.swift in Sources */ = {isa = PBXBuildFile; fileRef = 3F31C37D27575FDE0047BCCA /* FlightViewViewModel.swift */; };
		3F31C381275761070047BCCA /* FlightModalViewViewModel.swift in Sources */ = {isa = PBXBuildFile; fileRef = 3F31C380275761070047BCCA /* FlightModalViewViewModel.swift */; };
		3F31C384275765400047BCCA /* TabBarButton.swift in Sources */ = {isa = PBXBuildFile; fileRef = 3F31C383275765400047BCCA /* TabBarButton.swift */; };
		3F31C386275768F70047BCCA /* TabBarContainerView.swift in Sources */ = {isa = PBXBuildFile; fileRef = 3F31C385275768F70047BCCA /* TabBarContainerView.swift */; };
		3F470B6D275F859D008BB9F0 /* CompanyDetailsViewModel.swift in Sources */ = {isa = PBXBuildFile; fileRef = 3F470B6C275F859D008BB9F0 /* CompanyDetailsViewModel.swift */; };
		3F57EE14275F6CE6000741D6 /* CompanyInfoView.swift in Sources */ = {isa = PBXBuildFile; fileRef = 3F57EE13275F6CE6000741D6 /* CompanyInfoView.swift */; };
		3F647940272690BC00CA4075 /* AirportViewViewModel.swift in Sources */ = {isa = PBXBuildFile; fileRef = 3F64793F272690BC00CA4075 /* AirportViewViewModel.swift */; };
		3F6A18BB271FFDDC00A673D6 /* NeomorphicShadow.swift in Sources */ = {isa = PBXBuildFile; fileRef = 3F6A18BA271FFDDB00A673D6 /* NeomorphicShadow.swift */; };
		3F6A18BD2720261400A673D6 /* FlightView.swift in Sources */ = {isa = PBXBuildFile; fileRef = 3F6A18BC2720261400A673D6 /* FlightView.swift */; };
		3F6A18C12720303C00A673D6 /* FlightModalView.swift in Sources */ = {isa = PBXBuildFile; fileRef = 3F6A18C02720303C00A673D6 /* FlightModalView.swift */; };
		3F6A18C32720394600A673D6 /* CorneredRectangle.swift in Sources */ = {isa = PBXBuildFile; fileRef = 3F6A18C22720394600A673D6 /* CorneredRectangle.swift */; };
		3F6A18C627204FBB00A673D6 /* AirportView.swift in Sources */ = {isa = PBXBuildFile; fileRef = 3F6A18C527204FBB00A673D6 /* AirportView.swift */; };
		3F6A18C827205F8A00A673D6 /* HidesKeyboardOnTap.swift in Sources */ = {isa = PBXBuildFile; fileRef = 3F6A18C727205F8A00A673D6 /* HidesKeyboardOnTap.swift */; };
		3F6CFA60271EA310006A6134 /* Navigation.swift in Sources */ = {isa = PBXBuildFile; fileRef = 3F6CFA5F271EA310006A6134 /* Navigation.swift */; };
		3F6CFA66271EB034006A6134 /* CombineExt in Frameworks */ = {isa = PBXBuildFile; productRef = 3F6CFA65271EB034006A6134 /* CombineExt */; };
		3F6CFA69271EB0D9006A6134 /* Alamofire in Frameworks */ = {isa = PBXBuildFile; productRef = 3F6CFA68271EB0D9006A6134 /* Alamofire */; };
		3F705544275F51E6007C5827 /* TextLine.swift in Sources */ = {isa = PBXBuildFile; fileRef = 3F705543275F51E6007C5827 /* TextLine.swift */; };
		3F705547275F5D31007C5827 /* FlightInfoViewModel.swift in Sources */ = {isa = PBXBuildFile; fileRef = 3F705546275F5D31007C5827 /* FlightInfoViewModel.swift */; };
		3F7772A427229E5B00773C8E /* RequestModels.swift in Sources */ = {isa = PBXBuildFile; fileRef = 3F7772A327229E5B00773C8E /* RequestModels.swift */; };
		3F7772AC2722D02800773C8E /* ActivityView.swift in Sources */ = {isa = PBXBuildFile; fileRef = 3F7772AB2722D02800773C8E /* ActivityView.swift */; };
		3F7772AF2722E2D700773C8E /* AirportInfoView.swift in Sources */ = {isa = PBXBuildFile; fileRef = 3F7772AE2722E2D700773C8E /* AirportInfoView.swift */; };
		3F7772B12722EF1500773C8E /* AirportDetailsViewModel.swift in Sources */ = {isa = PBXBuildFile; fileRef = 3F7772B02722EF1500773C8E /* AirportDetailsViewModel.swift */; };
		3F7772B42722FAD900773C8E /* MapView.swift in Sources */ = {isa = PBXBuildFile; fileRef = 3F7772B32722FAD900773C8E /* MapView.swift */; };
		3F9016652758C5EA00FF0505 /* NumberFormatter.swift in Sources */ = {isa = PBXBuildFile; fileRef = 3F9016632758C5EA00FF0505 /* NumberFormatter.swift */; };
		3F9016662758C5EA00FF0505 /* DateFormatter.swift in Sources */ = {isa = PBXBuildFile; fileRef = 3F9016642758C5EA00FF0505 /* DateFormatter.swift */; };
		3F9106752721685B00C9FB96 /* AirportSearchViewModel.swift in Sources */ = {isa = PBXBuildFile; fileRef = 3F9106742721685B00C9FB96 /* AirportSearchViewModel.swift */; };
		3F91067727218E1D00C9FB96 /* LocationManager.swift in Sources */ = {isa = PBXBuildFile; fileRef = 3F91067627218E1D00C9FB96 /* LocationManager.swift */; };
		3F9106792721A06E00C9FB96 /* AirportModel.swift in Sources */ = {isa = PBXBuildFile; fileRef = 3F9106782721A06E00C9FB96 /* AirportModel.swift */; };
		3F91067D2721A2AE00C9FB96 /* CompanyModel.swift in Sources */ = {isa = PBXBuildFile; fileRef = 3F91067C2721A2AE00C9FB96 /* CompanyModel.swift */; };
		3F92EA982726EFF9005A21DF /* AlertViewModel.swift in Sources */ = {isa = PBXBuildFile; fileRef = 3F92EA972726EFF9005A21DF /* AlertViewModel.swift */; };
		3FB03990271EC7CF00276FB3 /* View + isHidden.swift in Sources */ = {isa = PBXBuildFile; fileRef = 3FB0398F271EC7CF00276FB3 /* View + isHidden.swift */; };
		3FB03992271ED9B100276FB3 /* OpaqueButtonStyle.swift in Sources */ = {isa = PBXBuildFile; fileRef = 3FB03991271ED9B100276FB3 /* OpaqueButtonStyle.swift */; };
		3FB03996271EE6B600276FB3 /* APIKey.swift in Sources */ = {isa = PBXBuildFile; fileRef = 3FB03995271EE6B600276FB3 /* APIKey.swift */; };
		3FB03998271EE77700276FB3 /* APIRepository.swift in Sources */ = {isa = PBXBuildFile; fileRef = 3FB03997271EE77700276FB3 /* APIRepository.swift */; };
		3FB0399A271EFE6B00276FB3 /* AirportSearchView.swift in Sources */ = {isa = PBXBuildFile; fileRef = 3FB03999271EFE6B00276FB3 /* AirportSearchView.swift */; };
		3FB0399C271EFEE500276FB3 /* SearchField.swift in Sources */ = {isa = PBXBuildFile; fileRef = 3FB0399B271EFEE500276FB3 /* SearchField.swift */; };
		3FC19969275F4CB300C4C444 /* FlightInfoView.swift in Sources */ = {isa = PBXBuildFile; fileRef = 3FC19968275F4CB300C4C444 /* FlightInfoView.swift */; };
		3FF00462271847CC00404C7A /* Flight_RadarApp.swift in Sources */ = {isa = PBXBuildFile; fileRef = 3FF00461271847CC00404C7A /* Flight_RadarApp.swift */; };
		3FF00466271847CE00404C7A /* Assets.xcassets in Resources */ = {isa = PBXBuildFile; fileRef = 3FF00465271847CE00404C7A /* Assets.xcassets */; };
		3FF00469271847CE00404C7A /* Preview Assets.xcassets in Resources */ = {isa = PBXBuildFile; fileRef = 3FF00468271847CE00404C7A /* Preview Assets.xcassets */; };
		3FF0047127184B6000404C7A /* Launch Screen.storyboard in Resources */ = {isa = PBXBuildFile; fileRef = 3FF0047027184B6000404C7A /* Launch Screen.storyboard */; };
		3FF004732718513A00404C7A /* Color + Custom Colors.swift in Sources */ = {isa = PBXBuildFile; fileRef = 3FF004722718513A00404C7A /* Color + Custom Colors.swift */; };
		3FF004762718535E00404C7A /* Fonts.swift in Sources */ = {isa = PBXBuildFile; fileRef = 3FF004752718535E00404C7A /* Fonts.swift */; };
		3FF0047C27185DE800404C7A /* Oswald-Light.ttf in Resources */ = {isa = PBXBuildFile; fileRef = 3FF0047B271853A800404C7A /* Oswald-Light.ttf */; };
		3FF0047D27185DEE00404C7A /* Oswald-Medium.ttf in Resources */ = {isa = PBXBuildFile; fileRef = 3FF0047A271853A800404C7A /* Oswald-Medium.ttf */; };
		3FF0047E27185DF100404C7A /* Oswald-Regular.ttf in Resources */ = {isa = PBXBuildFile; fileRef = 3FF00479271853A800404C7A /* Oswald-Regular.ttf */; };
		3FF0047F27185DF500404C7A /* Gnuolane.ttf in Resources */ = {isa = PBXBuildFile; fileRef = 3FF004782718539A00404C7A /* Gnuolane.ttf */; };
		3FF004822718668F00404C7A /* SolidButtonStyle.swift in Sources */ = {isa = PBXBuildFile; fileRef = 3FF004812718668F00404C7A /* SolidButtonStyle.swift */; };
		3FF00484271874C200404C7A /* PromoView.swift in Sources */ = {isa = PBXBuildFile; fileRef = 3FF00483271874C200404C7A /* PromoView.swift */; };
		3FF4EC1F275DF61400B82325 /* OptionCell.swift in Sources */ = {isa = PBXBuildFile; fileRef = 3FF4EC1E275DF61400B82325 /* OptionCell.swift */; };
		3FF4EC21275DF61F00B82325 /* OptionCellViewModel.swift in Sources */ = {isa = PBXBuildFile; fileRef = 3FF4EC20275DF61F00B82325 /* OptionCellViewModel.swift */; };
/* End PBXBuildFile section */

/* Begin PBXFileReference section */
		3F04DB5C2759FDB700F6283C /* TicketSearchView.swift */ = {isa = PBXFileReference; lastKnownFileType = sourcecode.swift; path = TicketSearchView.swift; sourceTree = "<group>"; };
		3F2A2F11271D6B52007276E1 /* PromoViewModel.swift */ = {isa = PBXFileReference; lastKnownFileType = sourcecode.swift; path = PromoViewModel.swift; sourceTree = "<group>"; };
		3F2A2F14271D7513007276E1 /* OnBoaringView.swift */ = {isa = PBXFileReference; lastKnownFileType = sourcecode.swift; path = OnBoaringView.swift; sourceTree = "<group>"; };
		3F2A2F17271D760F007276E1 /* OnBoardingViewModel.swift */ = {isa = PBXFileReference; lastKnownFileType = sourcecode.swift; path = OnBoardingViewModel.swift; sourceTree = "<group>"; };
		3F2A2F1F271D7C98007276E1 /* en */ = {isa = PBXFileReference; lastKnownFileType = text.plist.strings; name = en; path = en.lproj/Localizable.strings; sourceTree = "<group>"; };
		3F2A2F21271D7C9A007276E1 /* ru */ = {isa = PBXFileReference; lastKnownFileType = text.plist.strings; name = ru; path = ru.lproj/Localizable.strings; sourceTree = "<group>"; };
		3F2A2F24271D89DE007276E1 /* Image + Custom Images.swift */ = {isa = PBXFileReference; lastKnownFileType = sourcecode.swift; path = "Image + Custom Images.swift"; sourceTree = "<group>"; };
		3F2A2F28271D9360007276E1 /* TabBarView.swift */ = {isa = PBXFileReference; lastKnownFileType = sourcecode.swift; path = TabBarView.swift; sourceTree = "<group>"; };
		3F2A2F2A271DA164007276E1 /* MainView.swift */ = {isa = PBXFileReference; lastKnownFileType = sourcecode.swift; path = MainView.swift; sourceTree = "<group>"; };
		3F31C374275759000047BCCA /* FlightModel.swift */ = {isa = PBXFileReference; fileEncoding = 4; lastKnownFileType = sourcecode.swift; path = FlightModel.swift; sourceTree = "<group>"; };
		3F31C375275759000047BCCA /* Aircraft.swift */ = {isa = PBXFileReference; fileEncoding = 4; lastKnownFileType = sourcecode.swift; path = Aircraft.swift; sourceTree = "<group>"; };
		3F31C376275759000047BCCA /* TicketModel.swift */ = {isa = PBXFileReference; fileEncoding = 4; lastKnownFileType = sourcecode.swift; path = TicketModel.swift; sourceTree = "<group>"; };
		3F31C377275759000047BCCA /* AircraftImage.swift */ = {isa = PBXFileReference; fileEncoding = 4; lastKnownFileType = sourcecode.swift; path = AircraftImage.swift; sourceTree = "<group>"; };
		3F31C37D27575FDE0047BCCA /* FlightViewViewModel.swift */ = {isa = PBXFileReference; lastKnownFileType = sourcecode.swift; path = FlightViewViewModel.swift; sourceTree = "<group>"; };
		3F31C380275761070047BCCA /* FlightModalViewViewModel.swift */ = {isa = PBXFileReference; lastKnownFileType = sourcecode.swift; path = FlightModalViewViewModel.swift; sourceTree = "<group>"; };
		3F31C383275765400047BCCA /* TabBarButton.swift */ = {isa = PBXFileReference; lastKnownFileType = sourcecode.swift; path = TabBarButton.swift; sourceTree = "<group>"; };
		3F31C385275768F70047BCCA /* TabBarContainerView.swift */ = {isa = PBXFileReference; lastKnownFileType = sourcecode.swift; path = TabBarContainerView.swift; sourceTree = "<group>"; };
		3F470B6C275F859D008BB9F0 /* CompanyDetailsViewModel.swift */ = {isa = PBXFileReference; lastKnownFileType = sourcecode.swift; path = CompanyDetailsViewModel.swift; sourceTree = "<group>"; };
		3F57EE13275F6CE6000741D6 /* CompanyInfoView.swift */ = {isa = PBXFileReference; lastKnownFileType = sourcecode.swift; path = CompanyInfoView.swift; sourceTree = "<group>"; };
		3F64793F272690BC00CA4075 /* AirportViewViewModel.swift */ = {isa = PBXFileReference; lastKnownFileType = sourcecode.swift; path = AirportViewViewModel.swift; sourceTree = "<group>"; };
		3F6A18BA271FFDDB00A673D6 /* NeomorphicShadow.swift */ = {isa = PBXFileReference; lastKnownFileType = sourcecode.swift; path = NeomorphicShadow.swift; sourceTree = "<group>"; };
		3F6A18BC2720261400A673D6 /* FlightView.swift */ = {isa = PBXFileReference; lastKnownFileType = sourcecode.swift; path = FlightView.swift; sourceTree = "<group>"; };
		3F6A18C02720303C00A673D6 /* FlightModalView.swift */ = {isa = PBXFileReference; lastKnownFileType = sourcecode.swift; path = FlightModalView.swift; sourceTree = "<group>"; };
		3F6A18C22720394600A673D6 /* CorneredRectangle.swift */ = {isa = PBXFileReference; lastKnownFileType = sourcecode.swift; path = CorneredRectangle.swift; sourceTree = "<group>"; };
		3F6A18C527204FBB00A673D6 /* AirportView.swift */ = {isa = PBXFileReference; lastKnownFileType = sourcecode.swift; path = AirportView.swift; sourceTree = "<group>"; };
		3F6A18C727205F8A00A673D6 /* HidesKeyboardOnTap.swift */ = {isa = PBXFileReference; lastKnownFileType = sourcecode.swift; path = HidesKeyboardOnTap.swift; sourceTree = "<group>"; };
		3F6CFA5F271EA310006A6134 /* Navigation.swift */ = {isa = PBXFileReference; lastKnownFileType = sourcecode.swift; path = Navigation.swift; sourceTree = "<group>"; };
		3F705543275F51E6007C5827 /* TextLine.swift */ = {isa = PBXFileReference; lastKnownFileType = sourcecode.swift; path = TextLine.swift; sourceTree = "<group>"; };
		3F705546275F5D31007C5827 /* FlightInfoViewModel.swift */ = {isa = PBXFileReference; lastKnownFileType = sourcecode.swift; path = FlightInfoViewModel.swift; sourceTree = "<group>"; };
		3F7772A327229E5B00773C8E /* RequestModels.swift */ = {isa = PBXFileReference; lastKnownFileType = sourcecode.swift; path = RequestModels.swift; sourceTree = "<group>"; };
		3F7772AB2722D02800773C8E /* ActivityView.swift */ = {isa = PBXFileReference; lastKnownFileType = sourcecode.swift; path = ActivityView.swift; sourceTree = "<group>"; };
		3F7772AE2722E2D700773C8E /* AirportInfoView.swift */ = {isa = PBXFileReference; lastKnownFileType = sourcecode.swift; path = AirportInfoView.swift; sourceTree = "<group>"; };
		3F7772B02722EF1500773C8E /* AirportDetailsViewModel.swift */ = {isa = PBXFileReference; lastKnownFileType = sourcecode.swift; path = AirportDetailsViewModel.swift; sourceTree = "<group>"; };
		3F7772B32722FAD900773C8E /* MapView.swift */ = {isa = PBXFileReference; lastKnownFileType = sourcecode.swift; path = MapView.swift; sourceTree = "<group>"; };
		3F9016632758C5EA00FF0505 /* NumberFormatter.swift */ = {isa = PBXFileReference; fileEncoding = 4; lastKnownFileType = sourcecode.swift; path = NumberFormatter.swift; sourceTree = "<group>"; };
		3F9016642758C5EA00FF0505 /* DateFormatter.swift */ = {isa = PBXFileReference; fileEncoding = 4; lastKnownFileType = sourcecode.swift; path = DateFormatter.swift; sourceTree = "<group>"; };
		3F9106742721685B00C9FB96 /* AirportSearchViewModel.swift */ = {isa = PBXFileReference; lastKnownFileType = sourcecode.swift; path = AirportSearchViewModel.swift; sourceTree = "<group>"; };
		3F91067627218E1D00C9FB96 /* LocationManager.swift */ = {isa = PBXFileReference; lastKnownFileType = sourcecode.swift; path = LocationManager.swift; sourceTree = "<group>"; };
		3F9106782721A06E00C9FB96 /* AirportModel.swift */ = {isa = PBXFileReference; lastKnownFileType = sourcecode.swift; path = AirportModel.swift; sourceTree = "<group>"; };
		3F91067C2721A2AE00C9FB96 /* CompanyModel.swift */ = {isa = PBXFileReference; lastKnownFileType = sourcecode.swift; path = CompanyModel.swift; sourceTree = "<group>"; };
		3F92EA972726EFF9005A21DF /* AlertViewModel.swift */ = {isa = PBXFileReference; lastKnownFileType = sourcecode.swift; path = AlertViewModel.swift; sourceTree = "<group>"; };
		3FB0398F271EC7CF00276FB3 /* View + isHidden.swift */ = {isa = PBXFileReference; lastKnownFileType = sourcecode.swift; path = "View + isHidden.swift"; sourceTree = "<group>"; };
		3FB03991271ED9B100276FB3 /* OpaqueButtonStyle.swift */ = {isa = PBXFileReference; lastKnownFileType = sourcecode.swift; path = OpaqueButtonStyle.swift; sourceTree = "<group>"; };
		3FB03995271EE6B600276FB3 /* APIKey.swift */ = {isa = PBXFileReference; lastKnownFileType = sourcecode.swift; path = APIKey.swift; sourceTree = "<group>"; };
		3FB03997271EE77700276FB3 /* APIRepository.swift */ = {isa = PBXFileReference; lastKnownFileType = sourcecode.swift; path = APIRepository.swift; sourceTree = "<group>"; };
		3FB03999271EFE6B00276FB3 /* AirportSearchView.swift */ = {isa = PBXFileReference; lastKnownFileType = sourcecode.swift; path = AirportSearchView.swift; sourceTree = "<group>"; };
		3FB0399B271EFEE500276FB3 /* SearchField.swift */ = {isa = PBXFileReference; lastKnownFileType = sourcecode.swift; path = SearchField.swift; sourceTree = "<group>"; };
		3FC19968275F4CB300C4C444 /* FlightInfoView.swift */ = {isa = PBXFileReference; lastKnownFileType = sourcecode.swift; path = FlightInfoView.swift; sourceTree = "<group>"; };
		3FF0045E271847CC00404C7A /* Flight Radar.app */ = {isa = PBXFileReference; explicitFileType = wrapper.application; includeInIndex = 0; path = "Flight Radar.app"; sourceTree = BUILT_PRODUCTS_DIR; };
		3FF00461271847CC00404C7A /* Flight_RadarApp.swift */ = {isa = PBXFileReference; lastKnownFileType = sourcecode.swift; path = Flight_RadarApp.swift; sourceTree = "<group>"; };
		3FF00465271847CE00404C7A /* Assets.xcassets */ = {isa = PBXFileReference; lastKnownFileType = folder.assetcatalog; path = Assets.xcassets; sourceTree = "<group>"; };
		3FF00468271847CE00404C7A /* Preview Assets.xcassets */ = {isa = PBXFileReference; lastKnownFileType = folder.assetcatalog; path = "Preview Assets.xcassets"; sourceTree = "<group>"; };
		3FF0046F27184AB400404C7A /* Flight-Radar-Info.plist */ = {isa = PBXFileReference; lastKnownFileType = text.plist; path = "Flight-Radar-Info.plist"; sourceTree = SOURCE_ROOT; };
		3FF0047027184B6000404C7A /* Launch Screen.storyboard */ = {isa = PBXFileReference; lastKnownFileType = file.storyboard; path = "Launch Screen.storyboard"; sourceTree = "<group>"; };
		3FF004722718513A00404C7A /* Color + Custom Colors.swift */ = {isa = PBXFileReference; lastKnownFileType = sourcecode.swift; path = "Color + Custom Colors.swift"; sourceTree = "<group>"; };
		3FF004752718535E00404C7A /* Fonts.swift */ = {isa = PBXFileReference; lastKnownFileType = sourcecode.swift; path = Fonts.swift; sourceTree = "<group>"; };
		3FF004782718539A00404C7A /* Gnuolane.ttf */ = {isa = PBXFileReference; lastKnownFileType = file; path = Gnuolane.ttf; sourceTree = "<group>"; };
		3FF00479271853A800404C7A /* Oswald-Regular.ttf */ = {isa = PBXFileReference; lastKnownFileType = file; path = "Oswald-Regular.ttf"; sourceTree = "<group>"; };
		3FF0047A271853A800404C7A /* Oswald-Medium.ttf */ = {isa = PBXFileReference; lastKnownFileType = file; path = "Oswald-Medium.ttf"; sourceTree = "<group>"; };
		3FF0047B271853A800404C7A /* Oswald-Light.ttf */ = {isa = PBXFileReference; lastKnownFileType = file; path = "Oswald-Light.ttf"; sourceTree = "<group>"; };
		3FF004812718668F00404C7A /* SolidButtonStyle.swift */ = {isa = PBXFileReference; lastKnownFileType = sourcecode.swift; path = SolidButtonStyle.swift; sourceTree = "<group>"; };
		3FF00483271874C200404C7A /* PromoView.swift */ = {isa = PBXFileReference; lastKnownFileType = sourcecode.swift; path = PromoView.swift; sourceTree = "<group>"; };
		3FF4EC1E275DF61400B82325 /* OptionCell.swift */ = {isa = PBXFileReference; lastKnownFileType = sourcecode.swift; path = OptionCell.swift; sourceTree = "<group>"; };
		3FF4EC20275DF61F00B82325 /* OptionCellViewModel.swift */ = {isa = PBXFileReference; lastKnownFileType = sourcecode.swift; path = OptionCellViewModel.swift; sourceTree = "<group>"; };
/* End PBXFileReference section */

/* Begin PBXFrameworksBuildPhase section */
		3FF0045B271847CC00404C7A /* Frameworks */ = {
			isa = PBXFrameworksBuildPhase;
			buildActionMask = 2147483647;
			files = (
				3F6CFA69271EB0D9006A6134 /* Alamofire in Frameworks */,
				3F6CFA66271EB034006A6134 /* CombineExt in Frameworks */,
			);
			runOnlyForDeploymentPostprocessing = 0;
		};
/* End PBXFrameworksBuildPhase section */

/* Begin PBXGroup section */
		3F04DB5B2759FD9500F6283C /* Tickets */ = {
			isa = PBXGroup;
			children = (
				3F04DB5C2759FDB700F6283C /* TicketSearchView.swift */,
			);
			path = Tickets;
			sourceTree = "<group>";
		};
		3F2A2F13271D6BF6007276E1 /* OnBoarding */ = {
			isa = PBXGroup;
			children = (
				3F2A2F16271D757A007276E1 /* Promo */,
				3F2A2F14271D7513007276E1 /* OnBoaringView.swift */,
				3F2A2F17271D760F007276E1 /* OnBoardingViewModel.swift */,
			);
			path = OnBoarding;
			sourceTree = "<group>";
		};
		3F2A2F16271D757A007276E1 /* Promo */ = {
			isa = PBXGroup;
			children = (
				3FF00483271874C200404C7A /* PromoView.swift */,
				3F2A2F11271D6B52007276E1 /* PromoViewModel.swift */,
			);
			path = Promo;
			sourceTree = "<group>";
		};
		3F2A2F19271D77C3007276E1 /* Scenes */ = {
			isa = PBXGroup;
			children = (
				3F57EE12275F6CC7000741D6 /* Company Info */,
				3F705545275F5D15007C5827 /* Flight Info */,
				3F04DB5B2759FD9500F6283C /* Tickets */,
				3F7772B22722FAAB00773C8E /* Map */,
				3F7772AD2722E2AE00773C8E /* Airport Details */,
				3F9106732721667C00C9FB96 /* Airport Search */,
				3F2A2F13271D6BF6007276E1 /* OnBoarding */,
				3F2A2F2A271DA164007276E1 /* MainView.swift */,
				3F92EA972726EFF9005A21DF /* AlertViewModel.swift */,
			);
			path = Scenes;
			sourceTree = "<group>";
		};
		3F2A2F1B271D7C56007276E1 /* Localization */ = {
			isa = PBXGroup;
			children = (
				3F2A2F20271D7C98007276E1 /* Localizable.strings */,
			);
			path = Localization;
			sourceTree = "<group>";
		};
		3F31C37C27575F860047BCCA /* FlightView */ = {
			isa = PBXGroup;
			children = (
				3F6A18BC2720261400A673D6 /* FlightView.swift */,
				3F31C37D27575FDE0047BCCA /* FlightViewViewModel.swift */,
			);
			path = FlightView;
			sourceTree = "<group>";
		};
		3F31C37F275760980047BCCA /* FlightModalView */ = {
			isa = PBXGroup;
			children = (
				3F6A18C02720303C00A673D6 /* FlightModalView.swift */,
				3F31C380275761070047BCCA /* FlightModalViewViewModel.swift */,
			);
			path = FlightModalView;
			sourceTree = "<group>";
		};
		3F31C382275765230047BCCA /* TabBar */ = {
			isa = PBXGroup;
			children = (
				3F2A2F28271D9360007276E1 /* TabBarView.swift */,
				3F31C383275765400047BCCA /* TabBarButton.swift */,
				3F31C385275768F70047BCCA /* TabBarContainerView.swift */,
			);
			path = TabBar;
			sourceTree = "<group>";
		};
		3F57EE12275F6CC7000741D6 /* Company Info */ = {
			isa = PBXGroup;
			children = (
				3F57EE13275F6CE6000741D6 /* CompanyInfoView.swift */,
				3F470B6C275F859D008BB9F0 /* CompanyDetailsViewModel.swift */,
			);
			path = "Company Info";
			sourceTree = "<group>";
		};
		3F6CFA5E271EA2B2006A6134 /* SwiftUI Extension + Modifier */ = {
			isa = PBXGroup;
			children = (
				3FF004812718668F00404C7A /* SolidButtonStyle.swift */,
				3F6CFA5F271EA310006A6134 /* Navigation.swift */,
				3FB0398F271EC7CF00276FB3 /* View + isHidden.swift */,
				3FB03991271ED9B100276FB3 /* OpaqueButtonStyle.swift */,
				3F6A18BA271FFDDB00A673D6 /* NeomorphicShadow.swift */,
				3F6A18C22720394600A673D6 /* CorneredRectangle.swift */,
				3F6A18C727205F8A00A673D6 /* HidesKeyboardOnTap.swift */,
			);
			path = "SwiftUI Extension + Modifier";
			sourceTree = "<group>";
		};
		3F705545275F5D15007C5827 /* Flight Info */ = {
			isa = PBXGroup;
			children = (
				3FC19968275F4CB300C4C444 /* FlightInfoView.swift */,
				3F705546275F5D31007C5827 /* FlightInfoViewModel.swift */,
			);
			path = "Flight Info";
			sourceTree = "<group>";
		};
		3F7772AD2722E2AE00773C8E /* Airport Details */ = {
			isa = PBXGroup;
			children = (
				3F78538F275E0E560043C55D /* Cell */,
				3F7772AE2722E2D700773C8E /* AirportInfoView.swift */,
				3F7772B02722EF1500773C8E /* AirportDetailsViewModel.swift */,
			);
			path = "Airport Details";
			sourceTree = "<group>";
		};
		3F7772B22722FAAB00773C8E /* Map */ = {
			isa = PBXGroup;
			children = (
				3F7772B32722FAD900773C8E /* MapView.swift */,
			);
			path = Map;
			sourceTree = "<group>";
		};
		3F78538F275E0E560043C55D /* Cell */ = {
			isa = PBXGroup;
			children = (
				3FF4EC1E275DF61400B82325 /* OptionCell.swift */,
				3FF4EC20275DF61F00B82325 /* OptionCellViewModel.swift */,
			);
			path = Cell;
			sourceTree = "<group>";
		};
		3F9016622758C5EA00FF0505 /* Helpers */ = {
			isa = PBXGroup;
			children = (
				3F9016632758C5EA00FF0505 /* NumberFormatter.swift */,
				3F9016642758C5EA00FF0505 /* DateFormatter.swift */,
			);
			path = Helpers;
			sourceTree = "<group>";
		};
		3F9016672758CDB700FF0505 /* Service */ = {
			isa = PBXGroup;
			children = (
				3FB03994271EE69F00276FB3 /* Networking */,
				3F91067627218E1D00C9FB96 /* LocationManager.swift */,
			);
			path = Service;
			sourceTree = "<group>";
		};
		3F910646272157FE00C9FB96 /* Model */ = {
			isa = PBXGroup;
			children = (
				3F91067B2721A21200C9FB96 /* ResponseModels */,
				3F91067A2721A20700C9FB96 /* RequestModels */,
			);
			path = Model;
			sourceTree = "<group>";
		};
		3F9106732721667C00C9FB96 /* Airport Search */ = {
			isa = PBXGroup;
			children = (
				3FB03999271EFE6B00276FB3 /* AirportSearchView.swift */,
				3F9106742721685B00C9FB96 /* AirportSearchViewModel.swift */,
				3F64793F272690BC00CA4075 /* AirportViewViewModel.swift */,
			);
			path = "Airport Search";
			sourceTree = "<group>";
		};
		3F91067A2721A20700C9FB96 /* RequestModels */ = {
			isa = PBXGroup;
			children = (
				3F7772A327229E5B00773C8E /* RequestModels.swift */,
			);
			path = RequestModels;
			sourceTree = "<group>";
		};
		3F91067B2721A21200C9FB96 /* ResponseModels */ = {
			isa = PBXGroup;
			children = (
				3F9106782721A06E00C9FB96 /* AirportModel.swift */,
				3F91067C2721A2AE00C9FB96 /* CompanyModel.swift */,
				3F31C375275759000047BCCA /* Aircraft.swift */,
				3F31C377275759000047BCCA /* AircraftImage.swift */,
				3F31C374275759000047BCCA /* FlightModel.swift */,
				3F31C376275759000047BCCA /* TicketModel.swift */,
			);
			path = ResponseModels;
			sourceTree = "<group>";
		};
		3FB03994271EE69F00276FB3 /* Networking */ = {
			isa = PBXGroup;
			children = (
				3F910646272157FE00C9FB96 /* Model */,
				3FB03995271EE6B600276FB3 /* APIKey.swift */,
				3FB03997271EE77700276FB3 /* APIRepository.swift */,
			);
			path = Networking;
			sourceTree = "<group>";
		};
		3FF00455271847CC00404C7A = {
			isa = PBXGroup;
			children = (
				3FF00460271847CC00404C7A /* Flight Radar */,
				3FF0045F271847CC00404C7A /* Products */,
			);
			sourceTree = "<group>";
		};
		3FF0045F271847CC00404C7A /* Products */ = {
			isa = PBXGroup;
			children = (
				3FF0045E271847CC00404C7A /* Flight Radar.app */,
			);
			name = Products;
			sourceTree = "<group>";
		};
		3FF00460271847CC00404C7A /* Flight Radar */ = {
			isa = PBXGroup;
			children = (
				3F9016672758CDB700FF0505 /* Service */,
				3F9016622758C5EA00FF0505 /* Helpers */,
				3F6CFA5E271EA2B2006A6134 /* SwiftUI Extension + Modifier */,
				3F2A2F19271D77C3007276E1 /* Scenes */,
				3FF004802718666500404C7A /* Custom Views */,
				3FF004742718532200404C7A /* Resources */,
				3FF0047027184B6000404C7A /* Launch Screen.storyboard */,
				3F2A2F1B271D7C56007276E1 /* Localization */,
				3FF0046F27184AB400404C7A /* Flight-Radar-Info.plist */,
				3FF00461271847CC00404C7A /* Flight_RadarApp.swift */,
				3FF00467271847CE00404C7A /* Preview Content */,
			);
			path = "Flight Radar";
			sourceTree = "<group>";
		};
		3FF00467271847CE00404C7A /* Preview Content */ = {
			isa = PBXGroup;
			children = (
				3FF00468271847CE00404C7A /* Preview Assets.xcassets */,
			);
			path = "Preview Content";
			sourceTree = "<group>";
		};
		3FF004742718532200404C7A /* Resources */ = {
			isa = PBXGroup;
			children = (
				3FF004772718536400404C7A /* Fonts */,
				3FF004722718513A00404C7A /* Color + Custom Colors.swift */,
				3FF00465271847CE00404C7A /* Assets.xcassets */,
				3FF004752718535E00404C7A /* Fonts.swift */,
				3F2A2F24271D89DE007276E1 /* Image + Custom Images.swift */,
			);
			path = Resources;
			sourceTree = "<group>";
		};
		3FF004772718536400404C7A /* Fonts */ = {
			isa = PBXGroup;
			children = (
				3FF0047B271853A800404C7A /* Oswald-Light.ttf */,
				3FF0047A271853A800404C7A /* Oswald-Medium.ttf */,
				3FF00479271853A800404C7A /* Oswald-Regular.ttf */,
				3FF004782718539A00404C7A /* Gnuolane.ttf */,
			);
			path = Fonts;
			sourceTree = "<group>";
		};
		3FF004802718666500404C7A /* Custom Views */ = {
			isa = PBXGroup;
			children = (
				3F31C382275765230047BCCA /* TabBar */,
				3F31C37F275760980047BCCA /* FlightModalView */,
				3F31C37C27575F860047BCCA /* FlightView */,
				3FB0399B271EFEE500276FB3 /* SearchField.swift */,
				3F6A18C527204FBB00A673D6 /* AirportView.swift */,
				3F7772AB2722D02800773C8E /* ActivityView.swift */,
				3F705543275F51E6007C5827 /* TextLine.swift */,
			);
			path = "Custom Views";
			sourceTree = "<group>";
		};
/* End PBXGroup section */

/* Begin PBXNativeTarget section */
		3FF0045D271847CC00404C7A /* Flight Radar */ = {
			isa = PBXNativeTarget;
			buildConfigurationList = 3FF0046C271847CE00404C7A /* Build configuration list for PBXNativeTarget "Flight Radar" */;
			buildPhases = (
				3FF0045A271847CC00404C7A /* Sources */,
				3FF0045B271847CC00404C7A /* Frameworks */,
				3FF0045C271847CC00404C7A /* Resources */,
			);
			buildRules = (
			);
			dependencies = (
			);
			name = "Flight Radar";
			packageProductDependencies = (
				3F6CFA65271EB034006A6134 /* CombineExt */,
				3F6CFA68271EB0D9006A6134 /* Alamofire */,
			);
			productName = "Flight Radar";
			productReference = 3FF0045E271847CC00404C7A /* Flight Radar.app */;
			productType = "com.apple.product-type.application";
		};
/* End PBXNativeTarget section */

/* Begin PBXProject section */
		3FF00456271847CC00404C7A /* Project object */ = {
			isa = PBXProject;
			attributes = {
				BuildIndependentTargetsInParallel = 1;
				LastSwiftUpdateCheck = 1300;
				LastUpgradeCheck = 1300;
				TargetAttributes = {
					3FF0045D271847CC00404C7A = {
						CreatedOnToolsVersion = 13.0;
					};
				};
			};
			buildConfigurationList = 3FF00459271847CC00404C7A /* Build configuration list for PBXProject "Flight Radar" */;
			compatibilityVersion = "Xcode 13.0";
			developmentRegion = en;
			hasScannedForEncodings = 0;
			knownRegions = (
				en,
				Base,
				ru,
			);
			mainGroup = 3FF00455271847CC00404C7A;
			packageReferences = (
				3F6CFA64271EB034006A6134 /* XCRemoteSwiftPackageReference "CombineExt" */,
				3F6CFA67271EB0D9006A6134 /* XCRemoteSwiftPackageReference "Alamofire" */,
			);
			productRefGroup = 3FF0045F271847CC00404C7A /* Products */;
			projectDirPath = "";
			projectRoot = "";
			targets = (
				3FF0045D271847CC00404C7A /* Flight Radar */,
			);
		};
/* End PBXProject section */

/* Begin PBXResourcesBuildPhase section */
		3FF0045C271847CC00404C7A /* Resources */ = {
			isa = PBXResourcesBuildPhase;
			buildActionMask = 2147483647;
			files = (
				3FF0047127184B6000404C7A /* Launch Screen.storyboard in Resources */,
				3FF0047E27185DF100404C7A /* Oswald-Regular.ttf in Resources */,
				3FF0047F27185DF500404C7A /* Gnuolane.ttf in Resources */,
				3FF00469271847CE00404C7A /* Preview Assets.xcassets in Resources */,
				3FF0047D27185DEE00404C7A /* Oswald-Medium.ttf in Resources */,
				3F2A2F1E271D7C98007276E1 /* Localizable.strings in Resources */,
				3FF00466271847CE00404C7A /* Assets.xcassets in Resources */,
				3FF0047C27185DE800404C7A /* Oswald-Light.ttf in Resources */,
			);
			runOnlyForDeploymentPostprocessing = 0;
		};
/* End PBXResourcesBuildPhase section */

/* Begin PBXSourcesBuildPhase section */
		3FF0045A271847CC00404C7A /* Sources */ = {
			isa = PBXSourcesBuildPhase;
			buildActionMask = 2147483647;
			files = (
				3FB0399C271EFEE500276FB3 /* SearchField.swift in Sources */,
				3F6A18C12720303C00A673D6 /* FlightModalView.swift in Sources */,
				3F705544275F51E6007C5827 /* TextLine.swift in Sources */,
				3F2A2F15271D7513007276E1 /* OnBoaringView.swift in Sources */,
				3F7772A427229E5B00773C8E /* RequestModels.swift in Sources */,
				3F91067D2721A2AE00C9FB96 /* CompanyModel.swift in Sources */,
				3F31C381275761070047BCCA /* FlightModalViewViewModel.swift in Sources */,
				3F31C37E27575FDE0047BCCA /* FlightViewViewModel.swift in Sources */,
				3F31C37B275759000047BCCA /* AircraftImage.swift in Sources */,
				3FF00484271874C200404C7A /* PromoView.swift in Sources */,
				3FF4EC21275DF61F00B82325 /* OptionCellViewModel.swift in Sources */,
				3F9016662758C5EA00FF0505 /* DateFormatter.swift in Sources */,
				3F647940272690BC00CA4075 /* AirportViewViewModel.swift in Sources */,
				3FF004762718535E00404C7A /* Fonts.swift in Sources */,
				3F31C37A275759000047BCCA /* TicketModel.swift in Sources */,
				3F2A2F18271D760F007276E1 /* OnBoardingViewModel.swift in Sources */,
				3F7772B42722FAD900773C8E /* MapView.swift in Sources */,
				3F7772B12722EF1500773C8E /* AirportDetailsViewModel.swift in Sources */,
				3FB03996271EE6B600276FB3 /* APIKey.swift in Sources */,
				3F2A2F12271D6B52007276E1 /* PromoViewModel.swift in Sources */,
				3F9016652758C5EA00FF0505 /* NumberFormatter.swift in Sources */,
				3FC19969275F4CB300C4C444 /* FlightInfoView.swift in Sources */,
				3F705547275F5D31007C5827 /* FlightInfoViewModel.swift in Sources */,
				3F6A18C627204FBB00A673D6 /* AirportView.swift in Sources */,
				3F6A18C32720394600A673D6 /* CorneredRectangle.swift in Sources */,
				3F6A18BB271FFDDC00A673D6 /* NeomorphicShadow.swift in Sources */,
				3FB0399A271EFE6B00276FB3 /* AirportSearchView.swift in Sources */,
				3F6CFA60271EA310006A6134 /* Navigation.swift in Sources */,
				3FF00462271847CC00404C7A /* Flight_RadarApp.swift in Sources */,
				3F6A18C827205F8A00A673D6 /* HidesKeyboardOnTap.swift in Sources */,
				3FB03998271EE77700276FB3 /* APIRepository.swift in Sources */,
				3F31C378275759000047BCCA /* FlightModel.swift in Sources */,
				3FF004822718668F00404C7A /* SolidButtonStyle.swift in Sources */,
				3F2A2F2B271DA164007276E1 /* MainView.swift in Sources */,
				3F9106792721A06E00C9FB96 /* AirportModel.swift in Sources */,
				3F31C386275768F70047BCCA /* TabBarContainerView.swift in Sources */,
				3FB03992271ED9B100276FB3 /* OpaqueButtonStyle.swift in Sources */,
				3F31C379275759000047BCCA /* Aircraft.swift in Sources */,
				3FB03990271EC7CF00276FB3 /* View + isHidden.swift in Sources */,
				3F92EA982726EFF9005A21DF /* AlertViewModel.swift in Sources */,
				3F7772AF2722E2D700773C8E /* AirportInfoView.swift in Sources */,
				3F6A18BD2720261400A673D6 /* FlightView.swift in Sources */,
				3F31C384275765400047BCCA /* TabBarButton.swift in Sources */,
				3F9106752721685B00C9FB96 /* AirportSearchViewModel.swift in Sources */,
				3F04DB5D2759FDB700F6283C /* TicketSearchView.swift in Sources */,
				3F7772AC2722D02800773C8E /* ActivityView.swift in Sources */,
				3F470B6D275F859D008BB9F0 /* CompanyDetailsViewModel.swift in Sources */,
				3F2A2F25271D89DE007276E1 /* Image + Custom Images.swift in Sources */,
				3F2A2F29271D9360007276E1 /* TabBarView.swift in Sources */,
				3FF004732718513A00404C7A /* Color + Custom Colors.swift in Sources */,
				3FF4EC1F275DF61400B82325 /* OptionCell.swift in Sources */,
				3F57EE14275F6CE6000741D6 /* CompanyInfoView.swift in Sources */,
				3F91067727218E1D00C9FB96 /* LocationManager.swift in Sources */,
			);
			runOnlyForDeploymentPostprocessing = 0;
		};
/* End PBXSourcesBuildPhase section */

/* Begin PBXVariantGroup section */
		3F2A2F20271D7C98007276E1 /* Localizable.strings */ = {
			isa = PBXVariantGroup;
			children = (
				3F2A2F1F271D7C98007276E1 /* en */,
				3F2A2F21271D7C9A007276E1 /* ru */,
			);
			name = Localizable.strings;
			sourceTree = "<group>";
		};
/* End PBXVariantGroup section */

/* Begin XCBuildConfiguration section */
		3FF0046A271847CE00404C7A /* Debug */ = {
			isa = XCBuildConfiguration;
			buildSettings = {
				ALWAYS_SEARCH_USER_PATHS = NO;
				CLANG_ANALYZER_NONNULL = YES;
				CLANG_ANALYZER_NUMBER_OBJECT_CONVERSION = YES_AGGRESSIVE;
				CLANG_CXX_LANGUAGE_STANDARD = "gnu++17";
				CLANG_CXX_LIBRARY = "libc++";
				CLANG_ENABLE_MODULES = YES;
				CLANG_ENABLE_OBJC_ARC = YES;
				CLANG_ENABLE_OBJC_WEAK = YES;
				CLANG_WARN_BLOCK_CAPTURE_AUTORELEASING = YES;
				CLANG_WARN_BOOL_CONVERSION = YES;
				CLANG_WARN_COMMA = YES;
				CLANG_WARN_CONSTANT_CONVERSION = YES;
				CLANG_WARN_DEPRECATED_OBJC_IMPLEMENTATIONS = YES;
				CLANG_WARN_DIRECT_OBJC_ISA_USAGE = YES_ERROR;
				CLANG_WARN_DOCUMENTATION_COMMENTS = YES;
				CLANG_WARN_EMPTY_BODY = YES;
				CLANG_WARN_ENUM_CONVERSION = YES;
				CLANG_WARN_INFINITE_RECURSION = YES;
				CLANG_WARN_INT_CONVERSION = YES;
				CLANG_WARN_NON_LITERAL_NULL_CONVERSION = YES;
				CLANG_WARN_OBJC_IMPLICIT_RETAIN_SELF = YES;
				CLANG_WARN_OBJC_LITERAL_CONVERSION = YES;
				CLANG_WARN_OBJC_ROOT_CLASS = YES_ERROR;
				CLANG_WARN_QUOTED_INCLUDE_IN_FRAMEWORK_HEADER = YES;
				CLANG_WARN_RANGE_LOOP_ANALYSIS = YES;
				CLANG_WARN_STRICT_PROTOTYPES = YES;
				CLANG_WARN_SUSPICIOUS_MOVE = YES;
				CLANG_WARN_UNGUARDED_AVAILABILITY = YES_AGGRESSIVE;
				CLANG_WARN_UNREACHABLE_CODE = YES;
				CLANG_WARN__DUPLICATE_METHOD_MATCH = YES;
				COPY_PHASE_STRIP = NO;
				DEBUG_INFORMATION_FORMAT = dwarf;
				ENABLE_STRICT_OBJC_MSGSEND = YES;
				ENABLE_TESTABILITY = YES;
				GCC_C_LANGUAGE_STANDARD = gnu11;
				GCC_DYNAMIC_NO_PIC = NO;
				GCC_NO_COMMON_BLOCKS = YES;
				GCC_OPTIMIZATION_LEVEL = 0;
				GCC_PREPROCESSOR_DEFINITIONS = (
					"DEBUG=1",
					"$(inherited)",
				);
				GCC_WARN_64_TO_32_BIT_CONVERSION = YES;
				GCC_WARN_ABOUT_RETURN_TYPE = YES_ERROR;
				GCC_WARN_UNDECLARED_SELECTOR = YES;
				GCC_WARN_UNINITIALIZED_AUTOS = YES_AGGRESSIVE;
				GCC_WARN_UNUSED_FUNCTION = YES;
				GCC_WARN_UNUSED_VARIABLE = YES;
				IPHONEOS_DEPLOYMENT_TARGET = 14.0;
				MTL_ENABLE_DEBUG_INFO = INCLUDE_SOURCE;
				MTL_FAST_MATH = YES;
				ONLY_ACTIVE_ARCH = YES;
				SDKROOT = iphoneos;
				SWIFT_ACTIVE_COMPILATION_CONDITIONS = DEBUG;
				SWIFT_OPTIMIZATION_LEVEL = "-Onone";
			};
			name = Debug;
		};
		3FF0046B271847CE00404C7A /* Release */ = {
			isa = XCBuildConfiguration;
			buildSettings = {
				ALWAYS_SEARCH_USER_PATHS = NO;
				CLANG_ANALYZER_NONNULL = YES;
				CLANG_ANALYZER_NUMBER_OBJECT_CONVERSION = YES_AGGRESSIVE;
				CLANG_CXX_LANGUAGE_STANDARD = "gnu++17";
				CLANG_CXX_LIBRARY = "libc++";
				CLANG_ENABLE_MODULES = YES;
				CLANG_ENABLE_OBJC_ARC = YES;
				CLANG_ENABLE_OBJC_WEAK = YES;
				CLANG_WARN_BLOCK_CAPTURE_AUTORELEASING = YES;
				CLANG_WARN_BOOL_CONVERSION = YES;
				CLANG_WARN_COMMA = YES;
				CLANG_WARN_CONSTANT_CONVERSION = YES;
				CLANG_WARN_DEPRECATED_OBJC_IMPLEMENTATIONS = YES;
				CLANG_WARN_DIRECT_OBJC_ISA_USAGE = YES_ERROR;
				CLANG_WARN_DOCUMENTATION_COMMENTS = YES;
				CLANG_WARN_EMPTY_BODY = YES;
				CLANG_WARN_ENUM_CONVERSION = YES;
				CLANG_WARN_INFINITE_RECURSION = YES;
				CLANG_WARN_INT_CONVERSION = YES;
				CLANG_WARN_NON_LITERAL_NULL_CONVERSION = YES;
				CLANG_WARN_OBJC_IMPLICIT_RETAIN_SELF = YES;
				CLANG_WARN_OBJC_LITERAL_CONVERSION = YES;
				CLANG_WARN_OBJC_ROOT_CLASS = YES_ERROR;
				CLANG_WARN_QUOTED_INCLUDE_IN_FRAMEWORK_HEADER = YES;
				CLANG_WARN_RANGE_LOOP_ANALYSIS = YES;
				CLANG_WARN_STRICT_PROTOTYPES = YES;
				CLANG_WARN_SUSPICIOUS_MOVE = YES;
				CLANG_WARN_UNGUARDED_AVAILABILITY = YES_AGGRESSIVE;
				CLANG_WARN_UNREACHABLE_CODE = YES;
				CLANG_WARN__DUPLICATE_METHOD_MATCH = YES;
				COPY_PHASE_STRIP = NO;
				DEBUG_INFORMATION_FORMAT = "dwarf-with-dsym";
				ENABLE_NS_ASSERTIONS = NO;
				ENABLE_STRICT_OBJC_MSGSEND = YES;
				GCC_C_LANGUAGE_STANDARD = gnu11;
				GCC_NO_COMMON_BLOCKS = YES;
				GCC_WARN_64_TO_32_BIT_CONVERSION = YES;
				GCC_WARN_ABOUT_RETURN_TYPE = YES_ERROR;
				GCC_WARN_UNDECLARED_SELECTOR = YES;
				GCC_WARN_UNINITIALIZED_AUTOS = YES_AGGRESSIVE;
				GCC_WARN_UNUSED_FUNCTION = YES;
				GCC_WARN_UNUSED_VARIABLE = YES;
				IPHONEOS_DEPLOYMENT_TARGET = 14.0;
				MTL_ENABLE_DEBUG_INFO = NO;
				MTL_FAST_MATH = YES;
				SDKROOT = iphoneos;
				SWIFT_COMPILATION_MODE = wholemodule;
				SWIFT_OPTIMIZATION_LEVEL = "-O";
				VALIDATE_PRODUCT = YES;
			};
			name = Release;
		};
		3FF0046D271847CE00404C7A /* Debug */ = {
			isa = XCBuildConfiguration;
			buildSettings = {
				ASSETCATALOG_COMPILER_APPICON_NAME = AppIcon;
				ASSETCATALOG_COMPILER_GLOBAL_ACCENT_COLOR_NAME = AccentColor;
				ASSETCATALOG_COMPILER_INCLUDE_ALL_APPICON_ASSETS = YES;
				CODE_SIGN_STYLE = Automatic;
				CURRENT_PROJECT_VERSION = 1;
				DEVELOPMENT_ASSET_PATHS = "\"Flight Radar/Preview Content\"";
				DEVELOPMENT_TEAM = 9G6V47L895;
				ENABLE_PREVIEWS = YES;
				GENERATE_INFOPLIST_FILE = YES;
				INFOPLIST_FILE = "Flight-Radar-Info.plist";
				INFOPLIST_KEY_NSLocationUsageDescription = "We would like to get airports nearby";
				INFOPLIST_KEY_NSLocationWhenInUseUsageDescription = "We would like to get airports near you";
				INFOPLIST_KEY_UIApplicationSceneManifest_Generation = YES;
				INFOPLIST_KEY_UIApplicationSupportsIndirectInputEvents = YES;
				INFOPLIST_KEY_UILaunchStoryboardName = "Launch Screen";
				INFOPLIST_KEY_UISupportedInterfaceOrientations_iPad = "UIInterfaceOrientationPortrait UIInterfaceOrientationPortraitUpsideDown UIInterfaceOrientationLandscapeLeft UIInterfaceOrientationLandscapeRight";
				INFOPLIST_KEY_UISupportedInterfaceOrientations_iPhone = "UIInterfaceOrientationPortrait UIInterfaceOrientationLandscapeLeft UIInterfaceOrientationLandscapeRight";
				IPHONEOS_DEPLOYMENT_TARGET = 14.0;
				LD_RUNPATH_SEARCH_PATHS = (
					"$(inherited)",
					"@executable_path/Frameworks",
				);
				MARKETING_VERSION = 1.0;
				PRODUCT_BUNDLE_IDENTIFIER = "com.Budovich.Ivan.Flight-Radar";
				PRODUCT_NAME = "$(TARGET_NAME)";
				SWIFT_EMIT_LOC_STRINGS = YES;
				SWIFT_VERSION = 5.0;
				TARGETED_DEVICE_FAMILY = "1,2";
			};
			name = Debug;
		};
		3FF0046E271847CE00404C7A /* Release */ = {
			isa = XCBuildConfiguration;
			buildSettings = {
				ASSETCATALOG_COMPILER_APPICON_NAME = AppIcon;
				ASSETCATALOG_COMPILER_GLOBAL_ACCENT_COLOR_NAME = AccentColor;
				ASSETCATALOG_COMPILER_INCLUDE_ALL_APPICON_ASSETS = YES;
				CODE_SIGN_STYLE = Automatic;
				CURRENT_PROJECT_VERSION = 1;
				DEVELOPMENT_ASSET_PATHS = "\"Flight Radar/Preview Content\"";
				DEVELOPMENT_TEAM = 9G6V47L895;
				ENABLE_PREVIEWS = YES;
				GENERATE_INFOPLIST_FILE = YES;
				INFOPLIST_FILE = "Flight-Radar-Info.plist";
				INFOPLIST_KEY_NSLocationUsageDescription = "We would like to get airports nearby";
				INFOPLIST_KEY_NSLocationWhenInUseUsageDescription = "We would like to get airports near you";
				INFOPLIST_KEY_UIApplicationSceneManifest_Generation = YES;
				INFOPLIST_KEY_UIApplicationSupportsIndirectInputEvents = YES;
				INFOPLIST_KEY_UILaunchStoryboardName = "Launch Screen";
				INFOPLIST_KEY_UISupportedInterfaceOrientations_iPad = "UIInterfaceOrientationPortrait UIInterfaceOrientationPortraitUpsideDown UIInterfaceOrientationLandscapeLeft UIInterfaceOrientationLandscapeRight";
				INFOPLIST_KEY_UISupportedInterfaceOrientations_iPhone = "UIInterfaceOrientationPortrait UIInterfaceOrientationLandscapeLeft UIInterfaceOrientationLandscapeRight";
				IPHONEOS_DEPLOYMENT_TARGET = 14.0;
				LD_RUNPATH_SEARCH_PATHS = (
					"$(inherited)",
					"@executable_path/Frameworks",
				);
				MARKETING_VERSION = 1.0;
				PRODUCT_BUNDLE_IDENTIFIER = "com.Budovich.Ivan.Flight-Radar";
				PRODUCT_NAME = "$(TARGET_NAME)";
				SWIFT_EMIT_LOC_STRINGS = YES;
				SWIFT_VERSION = 5.0;
				TARGETED_DEVICE_FAMILY = "1,2";
			};
			name = Release;
		};
/* End XCBuildConfiguration section */

/* Begin XCConfigurationList section */
		3FF00459271847CC00404C7A /* Build configuration list for PBXProject "Flight Radar" */ = {
			isa = XCConfigurationList;
			buildConfigurations = (
				3FF0046A271847CE00404C7A /* Debug */,
				3FF0046B271847CE00404C7A /* Release */,
			);
			defaultConfigurationIsVisible = 0;
			defaultConfigurationName = Release;
		};
		3FF0046C271847CE00404C7A /* Build configuration list for PBXNativeTarget "Flight Radar" */ = {
			isa = XCConfigurationList;
			buildConfigurations = (
				3FF0046D271847CE00404C7A /* Debug */,
				3FF0046E271847CE00404C7A /* Release */,
			);
			defaultConfigurationIsVisible = 0;
			defaultConfigurationName = Release;
		};
/* End XCConfigurationList section */

/* Begin XCRemoteSwiftPackageReference section */
		3F6CFA64271EB034006A6134 /* XCRemoteSwiftPackageReference "CombineExt" */ = {
			isa = XCRemoteSwiftPackageReference;
			repositoryURL = "https://github.com/CombineCommunity/CombineExt.git";
			requirement = {
				kind = upToNextMajorVersion;
				minimumVersion = 1.0.0;
			};
		};
		3F6CFA67271EB0D9006A6134 /* XCRemoteSwiftPackageReference "Alamofire" */ = {
			isa = XCRemoteSwiftPackageReference;
			repositoryURL = "https://github.com/Alamofire/Alamofire.git";
			requirement = {
				kind = upToNextMajorVersion;
				minimumVersion = 5.0.0;
			};
		};
/* End XCRemoteSwiftPackageReference section */

/* Begin XCSwiftPackageProductDependency section */
		3F6CFA65271EB034006A6134 /* CombineExt */ = {
			isa = XCSwiftPackageProductDependency;
			package = 3F6CFA64271EB034006A6134 /* XCRemoteSwiftPackageReference "CombineExt" */;
			productName = CombineExt;
		};
		3F6CFA68271EB0D9006A6134 /* Alamofire */ = {
			isa = XCSwiftPackageProductDependency;
			package = 3F6CFA67271EB0D9006A6134 /* XCRemoteSwiftPackageReference "Alamofire" */;
			productName = Alamofire;
		};
/* End XCSwiftPackageProductDependency section */
	};
	rootObject = 3FF00456271847CC00404C7A /* Project object */;
}
