// !$*UTF8*$!
{
	archiveVersion = 1;
	classes = {
	};
	objectVersion = 55;
	objects = {

/* Begin PBXBuildFile section */
		3F2A2F12271D6B52007276E1 /* PromoViewModel.swift in Sources */ = {isa = PBXBuildFile; fileRef = 3F2A2F11271D6B52007276E1 /* PromoViewModel.swift */; };
		3F2A2F15271D7513007276E1 /* OnBoaringView.swift in Sources */ = {isa = PBXBuildFile; fileRef = 3F2A2F14271D7513007276E1 /* OnBoaringView.swift */; };
		3F2A2F18271D760F007276E1 /* OnBoardingViewModel.swift in Sources */ = {isa = PBXBuildFile; fileRef = 3F2A2F17271D760F007276E1 /* OnBoardingViewModel.swift */; };
		3F2A2F1E271D7C98007276E1 /* Localizable.strings in Resources */ = {isa = PBXBuildFile; fileRef = 3F2A2F20271D7C98007276E1 /* Localizable.strings */; };
		3F2A2F25271D89DE007276E1 /* Image + Custom Images.swift in Sources */ = {isa = PBXBuildFile; fileRef = 3F2A2F24271D89DE007276E1 /* Image + Custom Images.swift */; };
		3FF00462271847CC00404C7A /* Flight_RadarApp.swift in Sources */ = {isa = PBXBuildFile; fileRef = 3FF00461271847CC00404C7A /* Flight_RadarApp.swift */; };
		3FF00466271847CE00404C7A /* Assets.xcassets in Resources */ = {isa = PBXBuildFile; fileRef = 3FF00465271847CE00404C7A /* Assets.xcassets */; };
		3FF00469271847CE00404C7A /* Preview Assets.xcassets in Resources */ = {isa = PBXBuildFile; fileRef = 3FF00468271847CE00404C7A /* Preview Assets.xcassets */; };
		3FF0047127184B6000404C7A /* Launch Screen.storyboard in Resources */ = {isa = PBXBuildFile; fileRef = 3FF0047027184B6000404C7A /* Launch Screen.storyboard */; };
		3FF004732718513A00404C7A /* Color + Custom Colors.swift in Sources */ = {isa = PBXBuildFile; fileRef = 3FF004722718513A00404C7A /* Color + Custom Colors.swift */; };
		3FF004762718535E00404C7A /* Fonts.swift in Sources */ = {isa = PBXBuildFile; fileRef = 3FF004752718535E00404C7A /* Fonts.swift */; };
		3FF0047C27185DE800404C7A /* Oswald-Light.ttf in Resources */ = {isa = PBXBuildFile; fileRef = 3FF0047B271853A800404C7A /* Oswald-Light.ttf */; };
		3FF0047D27185DEE00404C7A /* Oswald-Medium.ttf in Resources */ = {isa = PBXBuildFile; fileRef = 3FF0047A271853A800404C7A /* Oswald-Medium.ttf */; };
		3FF0047E27185DF100404C7A /* Oswald-Regular.ttf in Resources */ = {isa = PBXBuildFile; fileRef = 3FF00479271853A800404C7A /* Oswald-Regular.ttf */; };
		3FF0047F27185DF500404C7A /* Gnuolane.ttf in Resources */ = {isa = PBXBuildFile; fileRef = 3FF004782718539A00404C7A /* Gnuolane.ttf */; };
		3FF004822718668F00404C7A /* SolidButtonStyle.swift in Sources */ = {isa = PBXBuildFile; fileRef = 3FF004812718668F00404C7A /* SolidButtonStyle.swift */; };
		3FF00484271874C200404C7A /* PromoView.swift in Sources */ = {isa = PBXBuildFile; fileRef = 3FF00483271874C200404C7A /* PromoView.swift */; };
/* End PBXBuildFile section */

/* Begin PBXFileReference section */
		3F2A2F11271D6B52007276E1 /* PromoViewModel.swift */ = {isa = PBXFileReference; lastKnownFileType = sourcecode.swift; path = PromoViewModel.swift; sourceTree = "<group>"; };
		3F2A2F14271D7513007276E1 /* OnBoaringView.swift */ = {isa = PBXFileReference; lastKnownFileType = sourcecode.swift; path = OnBoaringView.swift; sourceTree = "<group>"; };
		3F2A2F17271D760F007276E1 /* OnBoardingViewModel.swift */ = {isa = PBXFileReference; lastKnownFileType = sourcecode.swift; path = OnBoardingViewModel.swift; sourceTree = "<group>"; };
		3F2A2F1F271D7C98007276E1 /* en */ = {isa = PBXFileReference; lastKnownFileType = text.plist.strings; name = en; path = en.lproj/Localizable.strings; sourceTree = "<group>"; };
		3F2A2F21271D7C9A007276E1 /* ru */ = {isa = PBXFileReference; lastKnownFileType = text.plist.strings; name = ru; path = ru.lproj/Localizable.strings; sourceTree = "<group>"; };
		3F2A2F24271D89DE007276E1 /* Image + Custom Images.swift */ = {isa = PBXFileReference; lastKnownFileType = sourcecode.swift; path = "Image + Custom Images.swift"; sourceTree = "<group>"; };
		3FF0045E271847CC00404C7A /* Flight Radar.app */ = {isa = PBXFileReference; explicitFileType = wrapper.application; includeInIndex = 0; path = "Flight Radar.app"; sourceTree = BUILT_PRODUCTS_DIR; };
		3FF00461271847CC00404C7A /* Flight_RadarApp.swift */ = {isa = PBXFileReference; lastKnownFileType = sourcecode.swift; path = Flight_RadarApp.swift; sourceTree = "<group>"; };
		3FF00465271847CE00404C7A /* Assets.xcassets */ = {isa = PBXFileReference; lastKnownFileType = folder.assetcatalog; path = Assets.xcassets; sourceTree = "<group>"; };
		3FF00468271847CE00404C7A /* Preview Assets.xcassets */ = {isa = PBXFileReference; lastKnownFileType = folder.assetcatalog; path = "Preview Assets.xcassets"; sourceTree = "<group>"; };
		3FF0046F27184AB400404C7A /* Flight-Radar-Info.plist */ = {isa = PBXFileReference; lastKnownFileType = text.plist; path = "Flight-Radar-Info.plist"; sourceTree = SOURCE_ROOT; };
		3FF0047027184B6000404C7A /* Launch Screen.storyboard */ = {isa = PBXFileReference; lastKnownFileType = file.storyboard; path = "Launch Screen.storyboard"; sourceTree = "<group>"; };
		3FF004722718513A00404C7A /* Color + Custom Colors.swift */ = {isa = PBXFileReference; lastKnownFileType = sourcecode.swift; path = "Color + Custom Colors.swift"; sourceTree = "<group>"; };
		3FF004752718535E00404C7A /* Fonts.swift */ = {isa = PBXFileReference; lastKnownFileType = sourcecode.swift; path = Fonts.swift; sourceTree = "<group>"; };
		3FF004782718539A00404C7A /* Gnuolane.ttf */ = {isa = PBXFileReference; lastKnownFileType = file; path = Gnuolane.ttf; sourceTree = "<group>"; };
		3FF00479271853A800404C7A /* Oswald-Regular.ttf */ = {isa = PBXFileReference; lastKnownFileType = file; path = "Oswald-Regular.ttf"; sourceTree = "<group>"; };
		3FF0047A271853A800404C7A /* Oswald-Medium.ttf */ = {isa = PBXFileReference; lastKnownFileType = file; path = "Oswald-Medium.ttf"; sourceTree = "<group>"; };
		3FF0047B271853A800404C7A /* Oswald-Light.ttf */ = {isa = PBXFileReference; lastKnownFileType = file; path = "Oswald-Light.ttf"; sourceTree = "<group>"; };
		3FF004812718668F00404C7A /* SolidButtonStyle.swift */ = {isa = PBXFileReference; lastKnownFileType = sourcecode.swift; path = SolidButtonStyle.swift; sourceTree = "<group>"; };
		3FF00483271874C200404C7A /* PromoView.swift */ = {isa = PBXFileReference; lastKnownFileType = sourcecode.swift; path = PromoView.swift; sourceTree = "<group>"; };
/* End PBXFileReference section */

/* Begin PBXFrameworksBuildPhase section */
		3FF0045B271847CC00404C7A /* Frameworks */ = {
			isa = PBXFrameworksBuildPhase;
			buildActionMask = 2147483647;
			files = (
			);
			runOnlyForDeploymentPostprocessing = 0;
		};
/* End PBXFrameworksBuildPhase section */

/* Begin PBXGroup section */
		3F2A2F13271D6BF6007276E1 /* OnBoarding */ = {
			isa = PBXGroup;
			children = (
				3F2A2F16271D757A007276E1 /* Promo */,
				3F2A2F14271D7513007276E1 /* OnBoaringView.swift */,
				3F2A2F17271D760F007276E1 /* OnBoardingViewModel.swift */,
			);
			path = OnBoarding;
			sourceTree = "<group>";
		};
		3F2A2F16271D757A007276E1 /* Promo */ = {
			isa = PBXGroup;
			children = (
				3FF00483271874C200404C7A /* PromoView.swift */,
				3F2A2F11271D6B52007276E1 /* PromoViewModel.swift */,
			);
			path = Promo;
			sourceTree = "<group>";
		};
		3F2A2F19271D77C3007276E1 /* Scenes */ = {
			isa = PBXGroup;
			children = (
				3F2A2F13271D6BF6007276E1 /* OnBoarding */,
			);
			path = Scenes;
			sourceTree = "<group>";
		};
		3F2A2F1B271D7C56007276E1 /* Localization */ = {
			isa = PBXGroup;
			children = (
				3F2A2F20271D7C98007276E1 /* Localizable.strings */,
			);
			path = Localization;
			sourceTree = "<group>";
		};
		3FF00455271847CC00404C7A = {
			isa = PBXGroup;
			children = (
				3FF00460271847CC00404C7A /* Flight Radar */,
				3FF0045F271847CC00404C7A /* Products */,
			);
			sourceTree = "<group>";
		};
		3FF0045F271847CC00404C7A /* Products */ = {
			isa = PBXGroup;
			children = (
				3FF0045E271847CC00404C7A /* Flight Radar.app */,
			);
			name = Products;
			sourceTree = "<group>";
		};
		3FF00460271847CC00404C7A /* Flight Radar */ = {
			isa = PBXGroup;
			children = (
				3F2A2F19271D77C3007276E1 /* Scenes */,
				3FF004802718666500404C7A /* Custom Views */,
				3FF004742718532200404C7A /* Resources */,
				3FF0047027184B6000404C7A /* Launch Screen.storyboard */,
				3F2A2F1B271D7C56007276E1 /* Localization */,
				3FF0046F27184AB400404C7A /* Flight-Radar-Info.plist */,
				3FF00461271847CC00404C7A /* Flight_RadarApp.swift */,
				3FF00467271847CE00404C7A /* Preview Content */,
			);
			path = "Flight Radar";
			sourceTree = "<group>";
		};
		3FF00467271847CE00404C7A /* Preview Content */ = {
			isa = PBXGroup;
			children = (
				3FF00468271847CE00404C7A /* Preview Assets.xcassets */,
			);
			path = "Preview Content";
			sourceTree = "<group>";
		};
		3FF004742718532200404C7A /* Resources */ = {
			isa = PBXGroup;
			children = (
				3FF004772718536400404C7A /* Fonts */,
				3FF004722718513A00404C7A /* Color + Custom Colors.swift */,
				3FF00465271847CE00404C7A /* Assets.xcassets */,
				3FF004752718535E00404C7A /* Fonts.swift */,
				3F2A2F24271D89DE007276E1 /* Image + Custom Images.swift */,
			);
			path = Resources;
			sourceTree = "<group>";
		};
		3FF004772718536400404C7A /* Fonts */ = {
			isa = PBXGroup;
			children = (
				3FF0047B271853A800404C7A /* Oswald-Light.ttf */,
				3FF0047A271853A800404C7A /* Oswald-Medium.ttf */,
				3FF00479271853A800404C7A /* Oswald-Regular.ttf */,
				3FF004782718539A00404C7A /* Gnuolane.ttf */,
			);
			path = Fonts;
			sourceTree = "<group>";
		};
		3FF004802718666500404C7A /* Custom Views */ = {
			isa = PBXGroup;
			children = (
				3FF004812718668F00404C7A /* SolidButtonStyle.swift */,
			);
			path = "Custom Views";
			sourceTree = "<group>";
		};
/* End PBXGroup section */

/* Begin PBXNativeTarget section */
		3FF0045D271847CC00404C7A /* Flight Radar */ = {
			isa = PBXNativeTarget;
			buildConfigurationList = 3FF0046C271847CE00404C7A /* Build configuration list for PBXNativeTarget "Flight Radar" */;
			buildPhases = (
				3FF0045A271847CC00404C7A /* Sources */,
				3FF0045B271847CC00404C7A /* Frameworks */,
				3FF0045C271847CC00404C7A /* Resources */,
			);
			buildRules = (
			);
			dependencies = (
			);
			name = "Flight Radar";
			productName = "Flight Radar";
			productReference = 3FF0045E271847CC00404C7A /* Flight Radar.app */;
			productType = "com.apple.product-type.application";
		};
/* End PBXNativeTarget section */

/* Begin PBXProject section */
		3FF00456271847CC00404C7A /* Project object */ = {
			isa = PBXProject;
			attributes = {
				BuildIndependentTargetsInParallel = 1;
				LastSwiftUpdateCheck = 1300;
				LastUpgradeCheck = 1300;
				TargetAttributes = {
					3FF0045D271847CC00404C7A = {
						CreatedOnToolsVersion = 13.0;
					};
				};
			};
			buildConfigurationList = 3FF00459271847CC00404C7A /* Build configuration list for PBXProject "Flight Radar" */;
			compatibilityVersion = "Xcode 13.0";
			developmentRegion = en;
			hasScannedForEncodings = 0;
			knownRegions = (
				en,
				Base,
				ru,
			);
			mainGroup = 3FF00455271847CC00404C7A;
			productRefGroup = 3FF0045F271847CC00404C7A /* Products */;
			projectDirPath = "";
			projectRoot = "";
			targets = (
				3FF0045D271847CC00404C7A /* Flight Radar */,
			);
		};
/* End PBXProject section */

/* Begin PBXResourcesBuildPhase section */
		3FF0045C271847CC00404C7A /* Resources */ = {
			isa = PBXResourcesBuildPhase;
			buildActionMask = 2147483647;
			files = (
				3FF0047127184B6000404C7A /* Launch Screen.storyboard in Resources */,
				3FF0047E27185DF100404C7A /* Oswald-Regular.ttf in Resources */,
				3FF0047F27185DF500404C7A /* Gnuolane.ttf in Resources */,
				3FF00469271847CE00404C7A /* Preview Assets.xcassets in Resources */,
				3FF0047D27185DEE00404C7A /* Oswald-Medium.ttf in Resources */,
				3F2A2F1E271D7C98007276E1 /* Localizable.strings in Resources */,
				3FF00466271847CE00404C7A /* Assets.xcassets in Resources */,
				3FF0047C27185DE800404C7A /* Oswald-Light.ttf in Resources */,
			);
			runOnlyForDeploymentPostprocessing = 0;
		};
/* End PBXResourcesBuildPhase section */

/* Begin PBXSourcesBuildPhase section */
		3FF0045A271847CC00404C7A /* Sources */ = {
			isa = PBXSourcesBuildPhase;
			buildActionMask = 2147483647;
			files = (
				3F2A2F15271D7513007276E1 /* OnBoaringView.swift in Sources */,
				3FF00484271874C200404C7A /* PromoView.swift in Sources */,
				3FF004762718535E00404C7A /* Fonts.swift in Sources */,
				3F2A2F18271D760F007276E1 /* OnBoardingViewModel.swift in Sources */,
				3F2A2F12271D6B52007276E1 /* PromoViewModel.swift in Sources */,
				3FF00462271847CC00404C7A /* Flight_RadarApp.swift in Sources */,
				3FF004822718668F00404C7A /* SolidButtonStyle.swift in Sources */,
				3F2A2F25271D89DE007276E1 /* Image + Custom Images.swift in Sources */,
				3FF004732718513A00404C7A /* Color + Custom Colors.swift in Sources */,
			);
			runOnlyForDeploymentPostprocessing = 0;
		};
/* End PBXSourcesBuildPhase section */

/* Begin PBXVariantGroup section */
		3F2A2F20271D7C98007276E1 /* Localizable.strings */ = {
			isa = PBXVariantGroup;
			children = (
				3F2A2F1F271D7C98007276E1 /* en */,
				3F2A2F21271D7C9A007276E1 /* ru */,
			);
			name = Localizable.strings;
			sourceTree = "<group>";
		};
/* End PBXVariantGroup section */

/* Begin XCBuildConfiguration section */
		3FF0046A271847CE00404C7A /* Debug */ = {
			isa = XCBuildConfiguration;
			buildSettings = {
				ALWAYS_SEARCH_USER_PATHS = NO;
				CLANG_ANALYZER_NONNULL = YES;
				CLANG_ANALYZER_NUMBER_OBJECT_CONVERSION = YES_AGGRESSIVE;
				CLANG_CXX_LANGUAGE_STANDARD = "gnu++17";
				CLANG_CXX_LIBRARY = "libc++";
				CLANG_ENABLE_MODULES = YES;
				CLANG_ENABLE_OBJC_ARC = YES;
				CLANG_ENABLE_OBJC_WEAK = YES;
				CLANG_WARN_BLOCK_CAPTURE_AUTORELEASING = YES;
				CLANG_WARN_BOOL_CONVERSION = YES;
				CLANG_WARN_COMMA = YES;
				CLANG_WARN_CONSTANT_CONVERSION = YES;
				CLANG_WARN_DEPRECATED_OBJC_IMPLEMENTATIONS = YES;
				CLANG_WARN_DIRECT_OBJC_ISA_USAGE = YES_ERROR;
				CLANG_WARN_DOCUMENTATION_COMMENTS = YES;
				CLANG_WARN_EMPTY_BODY = YES;
				CLANG_WARN_ENUM_CONVERSION = YES;
				CLANG_WARN_INFINITE_RECURSION = YES;
				CLANG_WARN_INT_CONVERSION = YES;
				CLANG_WARN_NON_LITERAL_NULL_CONVERSION = YES;
				CLANG_WARN_OBJC_IMPLICIT_RETAIN_SELF = YES;
				CLANG_WARN_OBJC_LITERAL_CONVERSION = YES;
				CLANG_WARN_OBJC_ROOT_CLASS = YES_ERROR;
				CLANG_WARN_QUOTED_INCLUDE_IN_FRAMEWORK_HEADER = YES;
				CLANG_WARN_RANGE_LOOP_ANALYSIS = YES;
				CLANG_WARN_STRICT_PROTOTYPES = YES;
				CLANG_WARN_SUSPICIOUS_MOVE = YES;
				CLANG_WARN_UNGUARDED_AVAILABILITY = YES_AGGRESSIVE;
				CLANG_WARN_UNREACHABLE_CODE = YES;
				CLANG_WARN__DUPLICATE_METHOD_MATCH = YES;
				COPY_PHASE_STRIP = NO;
				DEBUG_INFORMATION_FORMAT = dwarf;
				ENABLE_STRICT_OBJC_MSGSEND = YES;
				ENABLE_TESTABILITY = YES;
				GCC_C_LANGUAGE_STANDARD = gnu11;
				GCC_DYNAMIC_NO_PIC = NO;
				GCC_NO_COMMON_BLOCKS = YES;
				GCC_OPTIMIZATION_LEVEL = 0;
				GCC_PREPROCESSOR_DEFINITIONS = (
					"DEBUG=1",
					"$(inherited)",
				);
				GCC_WARN_64_TO_32_BIT_CONVERSION = YES;
				GCC_WARN_ABOUT_RETURN_TYPE = YES_ERROR;
				GCC_WARN_UNDECLARED_SELECTOR = YES;
				GCC_WARN_UNINITIALIZED_AUTOS = YES_AGGRESSIVE;
				GCC_WARN_UNUSED_FUNCTION = YES;
				GCC_WARN_UNUSED_VARIABLE = YES;
				IPHONEOS_DEPLOYMENT_TARGET = 14.0;
				MTL_ENABLE_DEBUG_INFO = INCLUDE_SOURCE;
				MTL_FAST_MATH = YES;
				ONLY_ACTIVE_ARCH = YES;
				SDKROOT = iphoneos;
				SWIFT_ACTIVE_COMPILATION_CONDITIONS = DEBUG;
				SWIFT_OPTIMIZATION_LEVEL = "-Onone";
			};
			name = Debug;
		};
		3FF0046B271847CE00404C7A /* Release */ = {
			isa = XCBuildConfiguration;
			buildSettings = {
				ALWAYS_SEARCH_USER_PATHS = NO;
				CLANG_ANALYZER_NONNULL = YES;
				CLANG_ANALYZER_NUMBER_OBJECT_CONVERSION = YES_AGGRESSIVE;
				CLANG_CXX_LANGUAGE_STANDARD = "gnu++17";
				CLANG_CXX_LIBRARY = "libc++";
				CLANG_ENABLE_MODULES = YES;
				CLANG_ENABLE_OBJC_ARC = YES;
				CLANG_ENABLE_OBJC_WEAK = YES;
				CLANG_WARN_BLOCK_CAPTURE_AUTORELEASING = YES;
				CLANG_WARN_BOOL_CONVERSION = YES;
				CLANG_WARN_COMMA = YES;
				CLANG_WARN_CONSTANT_CONVERSION = YES;
				CLANG_WARN_DEPRECATED_OBJC_IMPLEMENTATIONS = YES;
				CLANG_WARN_DIRECT_OBJC_ISA_USAGE = YES_ERROR;
				CLANG_WARN_DOCUMENTATION_COMMENTS = YES;
				CLANG_WARN_EMPTY_BODY = YES;
				CLANG_WARN_ENUM_CONVERSION = YES;
				CLANG_WARN_INFINITE_RECURSION = YES;
				CLANG_WARN_INT_CONVERSION = YES;
				CLANG_WARN_NON_LITERAL_NULL_CONVERSION = YES;
				CLANG_WARN_OBJC_IMPLICIT_RETAIN_SELF = YES;
				CLANG_WARN_OBJC_LITERAL_CONVERSION = YES;
				CLANG_WARN_OBJC_ROOT_CLASS = YES_ERROR;
				CLANG_WARN_QUOTED_INCLUDE_IN_FRAMEWORK_HEADER = YES;
				CLANG_WARN_RANGE_LOOP_ANALYSIS = YES;
				CLANG_WARN_STRICT_PROTOTYPES = YES;
				CLANG_WARN_SUSPICIOUS_MOVE = YES;
				CLANG_WARN_UNGUARDED_AVAILABILITY = YES_AGGRESSIVE;
				CLANG_WARN_UNREACHABLE_CODE = YES;
				CLANG_WARN__DUPLICATE_METHOD_MATCH = YES;
				COPY_PHASE_STRIP = NO;
				DEBUG_INFORMATION_FORMAT = "dwarf-with-dsym";
				ENABLE_NS_ASSERTIONS = NO;
				ENABLE_STRICT_OBJC_MSGSEND = YES;
				GCC_C_LANGUAGE_STANDARD = gnu11;
				GCC_NO_COMMON_BLOCKS = YES;
				GCC_WARN_64_TO_32_BIT_CONVERSION = YES;
				GCC_WARN_ABOUT_RETURN_TYPE = YES_ERROR;
				GCC_WARN_UNDECLARED_SELECTOR = YES;
				GCC_WARN_UNINITIALIZED_AUTOS = YES_AGGRESSIVE;
				GCC_WARN_UNUSED_FUNCTION = YES;
				GCC_WARN_UNUSED_VARIABLE = YES;
				IPHONEOS_DEPLOYMENT_TARGET = 14.0;
				MTL_ENABLE_DEBUG_INFO = NO;
				MTL_FAST_MATH = YES;
				SDKROOT = iphoneos;
				SWIFT_COMPILATION_MODE = wholemodule;
				SWIFT_OPTIMIZATION_LEVEL = "-O";
				VALIDATE_PRODUCT = YES;
			};
			name = Release;
		};
		3FF0046D271847CE00404C7A /* Debug */ = {
			isa = XCBuildConfiguration;
			buildSettings = {
				ASSETCATALOG_COMPILER_APPICON_NAME = AppIcon;
				ASSETCATALOG_COMPILER_GLOBAL_ACCENT_COLOR_NAME = AccentColor;
				ASSETCATALOG_COMPILER_INCLUDE_ALL_APPICON_ASSETS = YES;
				CODE_SIGN_STYLE = Automatic;
				CURRENT_PROJECT_VERSION = 1;
				DEVELOPMENT_ASSET_PATHS = "\"Flight Radar/Preview Content\"";
				DEVELOPMENT_TEAM = 9G6V47L895;
				ENABLE_PREVIEWS = YES;
				GENERATE_INFOPLIST_FILE = YES;
				INFOPLIST_FILE = "Flight-Radar-Info.plist";
				INFOPLIST_KEY_UIApplicationSceneManifest_Generation = YES;
				INFOPLIST_KEY_UIApplicationSupportsIndirectInputEvents = YES;
				INFOPLIST_KEY_UILaunchStoryboardName = "Launch Screen";
				INFOPLIST_KEY_UISupportedInterfaceOrientations_iPad = "UIInterfaceOrientationPortrait UIInterfaceOrientationPortraitUpsideDown UIInterfaceOrientationLandscapeLeft UIInterfaceOrientationLandscapeRight";
				INFOPLIST_KEY_UISupportedInterfaceOrientations_iPhone = "UIInterfaceOrientationPortrait UIInterfaceOrientationLandscapeLeft UIInterfaceOrientationLandscapeRight";
				IPHONEOS_DEPLOYMENT_TARGET = 14.0;
				LD_RUNPATH_SEARCH_PATHS = (
					"$(inherited)",
					"@executable_path/Frameworks",
				);
				MARKETING_VERSION = 1.0;
				PRODUCT_BUNDLE_IDENTIFIER = "com.Budovich.Ivan.Flight-Radar";
				PRODUCT_NAME = "$(TARGET_NAME)";
				SWIFT_EMIT_LOC_STRINGS = YES;
				SWIFT_VERSION = 5.0;
				TARGETED_DEVICE_FAMILY = "1,2";
			};
			name = Debug;
		};
		3FF0046E271847CE00404C7A /* Release */ = {
			isa = XCBuildConfiguration;
			buildSettings = {
				ASSETCATALOG_COMPILER_APPICON_NAME = AppIcon;
				ASSETCATALOG_COMPILER_GLOBAL_ACCENT_COLOR_NAME = AccentColor;
				ASSETCATALOG_COMPILER_INCLUDE_ALL_APPICON_ASSETS = YES;
				CODE_SIGN_STYLE = Automatic;
				CURRENT_PROJECT_VERSION = 1;
				DEVELOPMENT_ASSET_PATHS = "\"Flight Radar/Preview Content\"";
				DEVELOPMENT_TEAM = 9G6V47L895;
				ENABLE_PREVIEWS = YES;
				GENERATE_INFOPLIST_FILE = YES;
				INFOPLIST_FILE = "Flight-Radar-Info.plist";
				INFOPLIST_KEY_UIApplicationSceneManifest_Generation = YES;
				INFOPLIST_KEY_UIApplicationSupportsIndirectInputEvents = YES;
				INFOPLIST_KEY_UILaunchStoryboardName = "Launch Screen";
				INFOPLIST_KEY_UISupportedInterfaceOrientations_iPad = "UIInterfaceOrientationPortrait UIInterfaceOrientationPortraitUpsideDown UIInterfaceOrientationLandscapeLeft UIInterfaceOrientationLandscapeRight";
				INFOPLIST_KEY_UISupportedInterfaceOrientations_iPhone = "UIInterfaceOrientationPortrait UIInterfaceOrientationLandscapeLeft UIInterfaceOrientationLandscapeRight";
				IPHONEOS_DEPLOYMENT_TARGET = 14.0;
				LD_RUNPATH_SEARCH_PATHS = (
					"$(inherited)",
					"@executable_path/Frameworks",
				);
				MARKETING_VERSION = 1.0;
				PRODUCT_BUNDLE_IDENTIFIER = "com.Budovich.Ivan.Flight-Radar";
				PRODUCT_NAME = "$(TARGET_NAME)";
				SWIFT_EMIT_LOC_STRINGS = YES;
				SWIFT_VERSION = 5.0;
				TARGETED_DEVICE_FAMILY = "1,2";
			};
			name = Release;
		};
/* End XCBuildConfiguration section */

/* Begin XCConfigurationList section */
		3FF00459271847CC00404C7A /* Build configuration list for PBXProject "Flight Radar" */ = {
			isa = XCConfigurationList;
			buildConfigurations = (
				3FF0046A271847CE00404C7A /* Debug */,
				3FF0046B271847CE00404C7A /* Release */,
			);
			defaultConfigurationIsVisible = 0;
			defaultConfigurationName = Release;
		};
		3FF0046C271847CE00404C7A /* Build configuration list for PBXNativeTarget "Flight Radar" */ = {
			isa = XCConfigurationList;
			buildConfigurations = (
				3FF0046D271847CE00404C7A /* Debug */,
				3FF0046E271847CE00404C7A /* Release */,
			);
			defaultConfigurationIsVisible = 0;
			defaultConfigurationName = Release;
		};
/* End XCConfigurationList section */
	};
	rootObject = 3FF00456271847CC00404C7A /* Project object */;
}
