// !$*UTF8*$!
{
	archiveVersion = 1;
	classes = {
	};
	objectVersion = 54;
	objects = {

/* Begin PBXBuildFile section */
		3F06A9C72741918A005C6172 /* TicketModel.swift in Sources */ = {isa = PBXBuildFile; fileRef = 3F06A9C627419189005C6172 /* TicketModel.swift */; };
		3F2C78F4272BCF8800DA042B /* Coordinator.swift in Sources */ = {isa = PBXBuildFile; fileRef = 3F2C78F3272BCF8800DA042B /* Coordinator.swift */; };
		3F2C78F7272BD01500DA042B /* Services.swift in Sources */ = {isa = PBXBuildFile; fileRef = 3F2C78F6272BD01500DA042B /* Services.swift */; };
		3F2C78F9272BD07400DA042B /* PersistanceService.swift in Sources */ = {isa = PBXBuildFile; fileRef = 3F2C78F8272BD07400DA042B /* PersistanceService.swift */; };
		3F2C78FD272BD0FF00DA042B /* NetworkService.swift in Sources */ = {isa = PBXBuildFile; fileRef = 3F2C78FC272BD0FF00DA042B /* NetworkService.swift */; };
		3F2C7901272BE50D00DA042B /* Rx + ActivityIndicator.swift in Sources */ = {isa = PBXBuildFile; fileRef = 3F2C7900272BE50D00DA042B /* Rx + ActivityIndicator.swift */; };
		3F2C7903272BE9EF00DA042B /* APIKey.swift in Sources */ = {isa = PBXBuildFile; fileRef = 3F2C7902272BE9EF00DA042B /* APIKey.swift */; };
		3F2C7905272BEA4000DA042B /* APIRequest.swift in Sources */ = {isa = PBXBuildFile; fileRef = 3F2C7904272BEA4000DA042B /* APIRequest.swift */; };
		3F2C790A272BEAAC00DA042B /* AirportModel.swift in Sources */ = {isa = PBXBuildFile; fileRef = 3F2C7908272BEAAC00DA042B /* AirportModel.swift */; };
		3F2C790B272BEAAC00DA042B /* CompanyModel.swift in Sources */ = {isa = PBXBuildFile; fileRef = 3F2C7909272BEAAC00DA042B /* CompanyModel.swift */; };
		3F2C790D272BEABA00DA042B /* RequestModels.swift in Sources */ = {isa = PBXBuildFile; fileRef = 3F2C790C272BEABA00DA042B /* RequestModels.swift */; };
		3F3140BD273EB49D0020F1F2 /* TicketCellViewModel.swift in Sources */ = {isa = PBXBuildFile; fileRef = 3F3140BC273EB49D0020F1F2 /* TicketCellViewModel.swift */; };
		3F3140C2273EB8680020F1F2 /* AirportSelectionController.swift in Sources */ = {isa = PBXBuildFile; fileRef = 3F3140C0273EB8680020F1F2 /* AirportSelectionController.swift */; };
		3F3140C3273EB8680020F1F2 /* AirportSelectionController.xib in Resources */ = {isa = PBXBuildFile; fileRef = 3F3140C1273EB8680020F1F2 /* AirportSelectionController.xib */; };
		3F3140C5273EBAA40020F1F2 /* AirportSelectionViewModel.swift in Sources */ = {isa = PBXBuildFile; fileRef = 3F3140C4273EBAA40020F1F2 /* AirportSelectionViewModel.swift */; };
		3F317C00272AD51700642C39 /* AirportView.swift in Sources */ = {isa = PBXBuildFile; fileRef = 3F317BFF272AD51700642C39 /* AirportView.swift */; };
		3F317C02272AD86000642C39 /* MonochromeLabel.swift in Sources */ = {isa = PBXBuildFile; fileRef = 3F317C01272AD86000642C39 /* MonochromeLabel.swift */; };
		3F3A775427315D6D007853ED /* OptionCell.swift in Sources */ = {isa = PBXBuildFile; fileRef = 3F3A775227315D6D007853ED /* OptionCell.swift */; };
		3F3A775727315F87007853ED /* FlightViewViewModel.swift in Sources */ = {isa = PBXBuildFile; fileRef = 3F3A775627315F87007853ED /* FlightViewViewModel.swift */; };
		3F3A775927316097007853ED /* DateFormatter.swift in Sources */ = {isa = PBXBuildFile; fileRef = 3F3A775827316097007853ED /* DateFormatter.swift */; };
		3F4F34AA272FE9B1004E9EB3 /* NumberFormatter.swift in Sources */ = {isa = PBXBuildFile; fileRef = 3F4F34A9272FE9B1004E9EB3 /* NumberFormatter.swift */; };
		3F4F34AE273000FA004E9EB3 /* AirportDetailsController.swift in Sources */ = {isa = PBXBuildFile; fileRef = 3F4F34AC273000FA004E9EB3 /* AirportDetailsController.swift */; };
		3F4F34AF273000FA004E9EB3 /* AirportDetailsController.xib in Resources */ = {isa = PBXBuildFile; fileRef = 3F4F34AD273000FA004E9EB3 /* AirportDetailsController.xib */; };
		3F4F34B22730040C004E9EB3 /* MapController.swift in Sources */ = {isa = PBXBuildFile; fileRef = 3F4F34B12730040C004E9EB3 /* MapController.swift */; };
		3F4FA454274813F600BD57D8 /* MockCompanyCoordinator.swift in Sources */ = {isa = PBXBuildFile; fileRef = 3F4FA453274813F600BD57D8 /* MockCompanyCoordinator.swift */; };
		3F4FA456274814A500BD57D8 /* CompanyTest.swift in Sources */ = {isa = PBXBuildFile; fileRef = 3F4FA455274814A500BD57D8 /* CompanyTest.swift */; };
		3F4FA45A274814C700BD57D8 /* FlightTest.swift in Sources */ = {isa = PBXBuildFile; fileRef = 3F4FA459274814C700BD57D8 /* FlightTest.swift */; };
		3F4FA45E2748165400BD57D8 /* MockFlightCoordinator.swift in Sources */ = {isa = PBXBuildFile; fileRef = 3F4FA45D2748165400BD57D8 /* MockFlightCoordinator.swift */; };
		3F4FA46227481E0400BD57D8 /* company.json in Resources */ = {isa = PBXBuildFile; fileRef = 3F4FA46127481E0400BD57D8 /* company.json */; };
		3F502556272C43140029F0D0 /* AirportViewViewModel.swift in Sources */ = {isa = PBXBuildFile; fileRef = 3F502555272C43140029F0D0 /* AirportViewViewModel.swift */; };
		3F502559272C44010029F0D0 /* LocationService.swift in Sources */ = {isa = PBXBuildFile; fileRef = 3F502558272C44010029F0D0 /* LocationService.swift */; };
		3F50255B272C49420029F0D0 /* AirportCoordinator.swift in Sources */ = {isa = PBXBuildFile; fileRef = 3F50255A272C49420029F0D0 /* AirportCoordinator.swift */; };
		3F5227E927394470008C6ED6 /* CompanyViewModel.swift in Sources */ = {isa = PBXBuildFile; fileRef = 3F5227E827394470008C6ED6 /* CompanyViewModel.swift */; };
		3F5227EC27395645008C6ED6 /* FlightController.swift in Sources */ = {isa = PBXBuildFile; fileRef = 3F5227EA27395645008C6ED6 /* FlightController.swift */; };
		3F5227ED27395645008C6ED6 /* FlightController.xib in Resources */ = {isa = PBXBuildFile; fileRef = 3F5227EB27395645008C6ED6 /* FlightController.xib */; };
		3F5227F0273957E0008C6ED6 /* ImageCell.swift in Sources */ = {isa = PBXBuildFile; fileRef = 3F5227EE273957E0008C6ED6 /* ImageCell.swift */; };
		3F5227F1273957E0008C6ED6 /* ImageCell.xib in Resources */ = {isa = PBXBuildFile; fileRef = 3F5227EF273957E0008C6ED6 /* ImageCell.xib */; };
		3F5227F327395A92008C6ED6 /* AircraftViewModel.swift in Sources */ = {isa = PBXBuildFile; fileRef = 3F5227F227395A92008C6ED6 /* AircraftViewModel.swift */; };
		3F853229272A83FA00C81509 /* FlightView.swift in Sources */ = {isa = PBXBuildFile; fileRef = 3F853228272A83FA00C81509 /* FlightView.swift */; };
		3F85322B272AADEA00C81509 /* BackgroundView.swift in Sources */ = {isa = PBXBuildFile; fileRef = 3F85322A272AADEA00C81509 /* BackgroundView.swift */; };
		3F85322D272AB53000C81509 /* TextAttributes.swift in Sources */ = {isa = PBXBuildFile; fileRef = 3F85322C272AB53000C81509 /* TextAttributes.swift */; };
		3F85322F272ABCBD00C81509 /* ActivityIndicator.swift in Sources */ = {isa = PBXBuildFile; fileRef = 3F85322E272ABCBD00C81509 /* ActivityIndicator.swift */; };
		3F853238272AC8C300C81509 /* AirportSearchController.swift in Sources */ = {isa = PBXBuildFile; fileRef = 3F853236272AC8C300C81509 /* AirportSearchController.swift */; };
		3F853239272AC8C300C81509 /* AirportSearchController.xib in Resources */ = {isa = PBXBuildFile; fileRef = 3F853237272AC8C300C81509 /* AirportSearchController.xib */; };
		3F85323B272ACA2500C81509 /* Divider.swift in Sources */ = {isa = PBXBuildFile; fileRef = 3F85323A272ACA2500C81509 /* Divider.swift */; };
		3F85323D272AD04E00C81509 /* AirportSearchViewModel.swift in Sources */ = {isa = PBXBuildFile; fileRef = 3F85323C272AD04E00C81509 /* AirportSearchViewModel.swift */; };
		3F853240272AD1AA00C81509 /* AirportCell.swift in Sources */ = {isa = PBXBuildFile; fileRef = 3F85323F272AD1AA00C81509 /* AirportCell.swift */; };
		3F8F40392729680F002CABBC /* SearchField.swift in Sources */ = {isa = PBXBuildFile; fileRef = 3F8F40382729680F002CABBC /* SearchField.swift */; };
		3F8F4041272975C5002CABBC /* MonochromeButton.swift in Sources */ = {isa = PBXBuildFile; fileRef = 3F8F4040272975C5002CABBC /* MonochromeButton.swift */; };
		3F905C41273CF84300A009E9 /* TicketsViewModel.swift in Sources */ = {isa = PBXBuildFile; fileRef = 3F905C40273CF84300A009E9 /* TicketsViewModel.swift */; };
		3F905C45273D1D9300A009E9 /* TicketCell.swift in Sources */ = {isa = PBXBuildFile; fileRef = 3F905C43273D1D9300A009E9 /* TicketCell.swift */; };
		3F905C46273D1D9300A009E9 /* TicketCell.xib in Resources */ = {isa = PBXBuildFile; fileRef = 3F905C44273D1D9300A009E9 /* TicketCell.xib */; };
		3F97BC17273BD3AC00496789 /* AircraftImage.swift in Sources */ = {isa = PBXBuildFile; fileRef = 3F97BC16273BD3AC00496789 /* AircraftImage.swift */; };
		3F97BC19273BD4B000496789 /* Aircraft.swift in Sources */ = {isa = PBXBuildFile; fileRef = 3F97BC18273BD4B000496789 /* Aircraft.swift */; };
		3F98A3DE273552A100FC14B5 /* MapViewModel.swift in Sources */ = {isa = PBXBuildFile; fileRef = 3F98A3DD273552A100FC14B5 /* MapViewModel.swift */; };
		3F98A3E02735532000FC14B5 /* FlightModalViewModel.swift in Sources */ = {isa = PBXBuildFile; fileRef = 3F98A3DF2735532000FC14B5 /* FlightModalViewModel.swift */; };
		3F99DFCB273A4F63009A838C /* RxNuke in Frameworks */ = {isa = PBXBuildFile; productRef = 3F99DFCA273A4F63009A838C /* RxNuke */; };
		3F99DFCD273A5A2E009A838C /* Rx+AlertController.swift in Sources */ = {isa = PBXBuildFile; fileRef = 3F99DFCC273A5A2E009A838C /* Rx+AlertController.swift */; };
		3FA400482732BE970008A1FB /* AltitudeLegend.swift in Sources */ = {isa = PBXBuildFile; fileRef = 3FA400472732BE970008A1FB /* AltitudeLegend.swift */; };
		3FA8BDC22742964500BF669B /* HelperTests.swift in Sources */ = {isa = PBXBuildFile; fileRef = 3FA8BDC12742964500BF669B /* HelperTests.swift */; };
		3FB67C07274640DD00A551A6 /* airports.json in Resources */ = {isa = PBXBuildFile; fileRef = 3FB67C06274640DD00A551A6 /* airports.json */; };
		3FB67C0A27464E0900A551A6 /* airportDetails.json in Resources */ = {isa = PBXBuildFile; fileRef = 3FB67C0927464E0900A551A6 /* airportDetails.json */; };
		3FB67C0C274651F500A551A6 /* MockAirportDetailsCoordinator.swift in Sources */ = {isa = PBXBuildFile; fileRef = 3FB67C0B274651F500A551A6 /* MockAirportDetailsCoordinator.swift */; };
		3FB67C0E2746574800A551A6 /* AirportDetailsTest.swift in Sources */ = {isa = PBXBuildFile; fileRef = 3FB67C0D2746574800A551A6 /* AirportDetailsTest.swift */; };
		3FBBFD99272F05B200AA93E1 /* TabBarController.swift in Sources */ = {isa = PBXBuildFile; fileRef = 3FBBFD98272F05B200AA93E1 /* TabBarController.swift */; };
		3FC061B6273824C500CCB2BB /* CompanyController.swift in Sources */ = {isa = PBXBuildFile; fileRef = 3FC061B4273824C500CCB2BB /* CompanyController.swift */; };
		3FC061B7273824C500CCB2BB /* CompanyController.xib in Resources */ = {isa = PBXBuildFile; fileRef = 3FC061B5273824C500CCB2BB /* CompanyController.xib */; };
		3FC061BA273824DD00CCB2BB /* AircraftController.swift in Sources */ = {isa = PBXBuildFile; fileRef = 3FC061B8273824DD00CCB2BB /* AircraftController.swift */; };
		3FC061BB273824DD00CCB2BB /* AircraftController.xib in Resources */ = {isa = PBXBuildFile; fileRef = 3FC061B9273824DD00CCB2BB /* AircraftController.xib */; };
		3FC061BE2738252D00CCB2BB /* TicketsController.swift in Sources */ = {isa = PBXBuildFile; fileRef = 3FC061BC2738252D00CCB2BB /* TicketsController.swift */; };
		3FC061BF2738252D00CCB2BB /* TicketsController.xib in Resources */ = {isa = PBXBuildFile; fileRef = 3FC061BD2738252D00CCB2BB /* TicketsController.xib */; };
		3FC3225F273914750090E001 /* BaseViewController.swift in Sources */ = {isa = PBXBuildFile; fileRef = 3FC3225E273914750090E001 /* BaseViewController.swift */; };
		3FCC4DE727439CB800FBE76C /* MockPersistanceService.swift in Sources */ = {isa = PBXBuildFile; fileRef = 3FCC4DE627439CB800FBE76C /* MockPersistanceService.swift */; };
		3FCC4DE927439FD100FBE76C /* MockNetworkService.swift in Sources */ = {isa = PBXBuildFile; fileRef = 3FCC4DE827439FD100FBE76C /* MockNetworkService.swift */; };
		3FCC4DEB2743A46100FBE76C /* MockLocationService.swift in Sources */ = {isa = PBXBuildFile; fileRef = 3FCC4DEA2743A46100FBE76C /* MockLocationService.swift */; };
		3FCC4DED2743A5D700FBE76C /* MockService.swift in Sources */ = {isa = PBXBuildFile; fileRef = 3FCC4DEC2743A5D700FBE76C /* MockService.swift */; };
		3FCC4DF22743A6E800FBE76C /* MockAirportSearchCoordinator.swift in Sources */ = {isa = PBXBuildFile; fileRef = 3FCC4DF12743A6E800FBE76C /* MockAirportSearchCoordinator.swift */; };
		3FD2D75F273A85E20096B5AB /* FlightViewModel.swift in Sources */ = {isa = PBXBuildFile; fileRef = 3FD2D75E273A85E20096B5AB /* FlightViewModel.swift */; };
		3FE0B3E02731258100722CBE /* AirportDetailsViewModel.swift in Sources */ = {isa = PBXBuildFile; fileRef = 3FE0B3DF2731258100722CBE /* AirportDetailsViewModel.swift */; };
		3FE0B3E227312BE100722CBE /* FlightModel.swift in Sources */ = {isa = PBXBuildFile; fileRef = 3FE0B3E127312BE100722CBE /* FlightModel.swift */; };
		3FE0B3E42731421B00722CBE /* FlightCell.swift in Sources */ = {isa = PBXBuildFile; fileRef = 3FE0B3E32731421B00722CBE /* FlightCell.swift */; };
		3FE5E0F4272FCAE100CA056D /* MapCoordinator.swift in Sources */ = {isa = PBXBuildFile; fileRef = 3FE5E0F3272FCAE100CA056D /* MapCoordinator.swift */; };
		3FE5E0F6272FCB9200CA056D /* TicketsCoordinator.swift in Sources */ = {isa = PBXBuildFile; fileRef = 3FE5E0F5272FCB9200CA056D /* TicketsCoordinator.swift */; };
		3FEBA7C92727FA17006C476F /* AppDelegate.swift in Sources */ = {isa = PBXBuildFile; fileRef = 3FEBA7C82727FA17006C476F /* AppDelegate.swift */; };
		3FEBA7CB2727FA17006C476F /* SceneDelegate.swift in Sources */ = {isa = PBXBuildFile; fileRef = 3FEBA7CA2727FA17006C476F /* SceneDelegate.swift */; };
		3FEBA7D32727FA17006C476F /* FlightRadar.xcdatamodeld in Sources */ = {isa = PBXBuildFile; fileRef = 3FEBA7D12727FA17006C476F /* FlightRadar.xcdatamodeld */; };
		3FEBA7D52727FA18006C476F /* Assets.xcassets in Resources */ = {isa = PBXBuildFile; fileRef = 3FEBA7D42727FA18006C476F /* Assets.xcassets */; };
		3FEBA7D82727FA18006C476F /* LaunchScreen.storyboard in Resources */ = {isa = PBXBuildFile; fileRef = 3FEBA7D62727FA18006C476F /* LaunchScreen.storyboard */; };
		3FEBA8022727FCF2006C476F /* Oswald-Medium.ttf in Resources */ = {isa = PBXBuildFile; fileRef = 3FEBA7FF2727FCF2006C476F /* Oswald-Medium.ttf */; };
		3FEBA8032727FCF2006C476F /* Oswald-Medium.ttf in Resources */ = {isa = PBXBuildFile; fileRef = 3FEBA7FF2727FCF2006C476F /* Oswald-Medium.ttf */; };
		3FEBA8042727FCF2006C476F /* Oswald-Regular.ttf in Resources */ = {isa = PBXBuildFile; fileRef = 3FEBA8002727FCF2006C476F /* Oswald-Regular.ttf */; };
		3FEBA8052727FCF2006C476F /* Oswald-Regular.ttf in Resources */ = {isa = PBXBuildFile; fileRef = 3FEBA8002727FCF2006C476F /* Oswald-Regular.ttf */; };
		3FEBA8062727FCF2006C476F /* Oswald-Light.ttf in Resources */ = {isa = PBXBuildFile; fileRef = 3FEBA8012727FCF2006C476F /* Oswald-Light.ttf */; };
		3FEBA8072727FCF2006C476F /* Oswald-Light.ttf in Resources */ = {isa = PBXBuildFile; fileRef = 3FEBA8012727FCF2006C476F /* Oswald-Light.ttf */; };
		3FEBA80C2727FF1B006C476F /* UIColor + Custom Colors.swift in Sources */ = {isa = PBXBuildFile; fileRef = 3FEBA80B2727FF1B006C476F /* UIColor + Custom Colors.swift */; };
		3FEBA80E2727FF38006C476F /* UIImage + Custom Images.swift in Sources */ = {isa = PBXBuildFile; fileRef = 3FEBA80D2727FF38006C476F /* UIImage + Custom Images.swift */; };
		3FEBA8102727FF50006C476F /* UIFont + Custom Fonts.swift in Sources */ = {isa = PBXBuildFile; fileRef = 3FEBA80F2727FF50006C476F /* UIFont + Custom Fonts.swift */; };
		3FEBA813272801CB006C476F /* RxBlocking in Frameworks */ = {isa = PBXBuildFile; productRef = 3FEBA812272801CB006C476F /* RxBlocking */; };
		3FEBA815272801CB006C476F /* RxCocoa in Frameworks */ = {isa = PBXBuildFile; productRef = 3FEBA814272801CB006C476F /* RxCocoa */; };
		3FEBA817272801CB006C476F /* RxRelay in Frameworks */ = {isa = PBXBuildFile; productRef = 3FEBA816272801CB006C476F /* RxRelay */; };
		3FEBA819272801CB006C476F /* RxSwift in Frameworks */ = {isa = PBXBuildFile; productRef = 3FEBA818272801CB006C476F /* RxSwift */; };
		3FEBA81C272801E8006C476F /* Alamofire in Frameworks */ = {isa = PBXBuildFile; productRef = 3FEBA81B272801E8006C476F /* Alamofire */; };
		3FEBA81F27280234006C476F /* RxAlamofire in Frameworks */ = {isa = PBXBuildFile; productRef = 3FEBA81E27280234006C476F /* RxAlamofire */; };
		3FF078702743ACB500C9232E /* AirportSearchTest.swift in Sources */ = {isa = PBXBuildFile; fileRef = 3FF0786F2743ACB500C9232E /* AirportSearchTest.swift */; };
		3FF9C1D027300B84001B7745 /* FlightModalController.swift in Sources */ = {isa = PBXBuildFile; fileRef = 3FF9C1CE27300B84001B7745 /* FlightModalController.swift */; };
		3FF9C1D127300B84001B7745 /* FlightModalController.xib in Resources */ = {isa = PBXBuildFile; fileRef = 3FF9C1CF27300B84001B7745 /* FlightModalController.xib */; };
/* End PBXBuildFile section */

/* Begin PBXContainerItemProxy section */
		3FEBA7DF2727FA18006C476F /* PBXContainerItemProxy */ = {
			isa = PBXContainerItemProxy;
			containerPortal = 3FEBA7BD2727FA17006C476F /* Project object */;
			proxyType = 1;
			remoteGlobalIDString = 3FEBA7C42727FA17006C476F;
			remoteInfo = FlightRadar;
		};
/* End PBXContainerItemProxy section */

/* Begin PBXFileReference section */
		3F06A9C627419189005C6172 /* TicketModel.swift */ = {isa = PBXFileReference; lastKnownFileType = sourcecode.swift; path = TicketModel.swift; sourceTree = "<group>"; };
		3F2C78F3272BCF8800DA042B /* Coordinator.swift */ = {isa = PBXFileReference; lastKnownFileType = sourcecode.swift; path = Coordinator.swift; sourceTree = "<group>"; };
		3F2C78F6272BD01500DA042B /* Services.swift */ = {isa = PBXFileReference; lastKnownFileType = sourcecode.swift; path = Services.swift; sourceTree = "<group>"; };
		3F2C78F8272BD07400DA042B /* PersistanceService.swift */ = {isa = PBXFileReference; lastKnownFileType = sourcecode.swift; path = PersistanceService.swift; sourceTree = "<group>"; };
		3F2C78FC272BD0FF00DA042B /* NetworkService.swift */ = {isa = PBXFileReference; lastKnownFileType = sourcecode.swift; path = NetworkService.swift; sourceTree = "<group>"; };
		3F2C7900272BE50D00DA042B /* Rx + ActivityIndicator.swift */ = {isa = PBXFileReference; lastKnownFileType = sourcecode.swift; path = "Rx + ActivityIndicator.swift"; sourceTree = "<group>"; };
		3F2C7902272BE9EF00DA042B /* APIKey.swift */ = {isa = PBXFileReference; lastKnownFileType = sourcecode.swift; path = APIKey.swift; sourceTree = "<group>"; };
		3F2C7904272BEA4000DA042B /* APIRequest.swift */ = {isa = PBXFileReference; lastKnownFileType = sourcecode.swift; path = APIRequest.swift; sourceTree = "<group>"; };
		3F2C7908272BEAAC00DA042B /* AirportModel.swift */ = {isa = PBXFileReference; fileEncoding = 4; lastKnownFileType = sourcecode.swift; path = AirportModel.swift; sourceTree = "<group>"; };
		3F2C7909272BEAAC00DA042B /* CompanyModel.swift */ = {isa = PBXFileReference; fileEncoding = 4; lastKnownFileType = sourcecode.swift; path = CompanyModel.swift; sourceTree = "<group>"; };
		3F2C790C272BEABA00DA042B /* RequestModels.swift */ = {isa = PBXFileReference; fileEncoding = 4; lastKnownFileType = sourcecode.swift; path = RequestModels.swift; sourceTree = "<group>"; };
		3F3140BC273EB49D0020F1F2 /* TicketCellViewModel.swift */ = {isa = PBXFileReference; lastKnownFileType = sourcecode.swift; path = TicketCellViewModel.swift; sourceTree = "<group>"; };
		3F3140C0273EB8680020F1F2 /* AirportSelectionController.swift */ = {isa = PBXFileReference; lastKnownFileType = sourcecode.swift; path = AirportSelectionController.swift; sourceTree = "<group>"; };
		3F3140C1273EB8680020F1F2 /* AirportSelectionController.xib */ = {isa = PBXFileReference; lastKnownFileType = file.xib; path = AirportSelectionController.xib; sourceTree = "<group>"; };
		3F3140C4273EBAA40020F1F2 /* AirportSelectionViewModel.swift */ = {isa = PBXFileReference; lastKnownFileType = sourcecode.swift; path = AirportSelectionViewModel.swift; sourceTree = "<group>"; };
		3F317BFF272AD51700642C39 /* AirportView.swift */ = {isa = PBXFileReference; lastKnownFileType = sourcecode.swift; path = AirportView.swift; sourceTree = "<group>"; };
		3F317C01272AD86000642C39 /* MonochromeLabel.swift */ = {isa = PBXFileReference; lastKnownFileType = sourcecode.swift; path = MonochromeLabel.swift; sourceTree = "<group>"; };
		3F3A775227315D6D007853ED /* OptionCell.swift */ = {isa = PBXFileReference; lastKnownFileType = sourcecode.swift; path = OptionCell.swift; sourceTree = "<group>"; };
		3F3A775627315F87007853ED /* FlightViewViewModel.swift */ = {isa = PBXFileReference; lastKnownFileType = sourcecode.swift; path = FlightViewViewModel.swift; sourceTree = "<group>"; };
		3F3A775827316097007853ED /* DateFormatter.swift */ = {isa = PBXFileReference; lastKnownFileType = sourcecode.swift; path = DateFormatter.swift; sourceTree = "<group>"; };
		3F4F34A9272FE9B1004E9EB3 /* NumberFormatter.swift */ = {isa = PBXFileReference; lastKnownFileType = sourcecode.swift; path = NumberFormatter.swift; sourceTree = "<group>"; };
		3F4F34AC273000FA004E9EB3 /* AirportDetailsController.swift */ = {isa = PBXFileReference; lastKnownFileType = sourcecode.swift; path = AirportDetailsController.swift; sourceTree = "<group>"; };
		3F4F34AD273000FA004E9EB3 /* AirportDetailsController.xib */ = {isa = PBXFileReference; lastKnownFileType = file.xib; path = AirportDetailsController.xib; sourceTree = "<group>"; };
		3F4F34B12730040C004E9EB3 /* MapController.swift */ = {isa = PBXFileReference; lastKnownFileType = sourcecode.swift; path = MapController.swift; sourceTree = "<group>"; };
		3F4FA453274813F600BD57D8 /* MockCompanyCoordinator.swift */ = {isa = PBXFileReference; lastKnownFileType = sourcecode.swift; path = MockCompanyCoordinator.swift; sourceTree = "<group>"; };
		3F4FA455274814A500BD57D8 /* CompanyTest.swift */ = {isa = PBXFileReference; lastKnownFileType = sourcecode.swift; path = CompanyTest.swift; sourceTree = "<group>"; };
		3F4FA459274814C700BD57D8 /* FlightTest.swift */ = {isa = PBXFileReference; lastKnownFileType = sourcecode.swift; path = FlightTest.swift; sourceTree = "<group>"; };
		3F4FA45D2748165400BD57D8 /* MockFlightCoordinator.swift */ = {isa = PBXFileReference; lastKnownFileType = sourcecode.swift; path = MockFlightCoordinator.swift; sourceTree = "<group>"; };
		3F4FA46127481E0400BD57D8 /* company.json */ = {isa = PBXFileReference; lastKnownFileType = text.json; path = company.json; sourceTree = "<group>"; };
		3F502555272C43140029F0D0 /* AirportViewViewModel.swift */ = {isa = PBXFileReference; lastKnownFileType = sourcecode.swift; path = AirportViewViewModel.swift; sourceTree = "<group>"; };
		3F502558272C44010029F0D0 /* LocationService.swift */ = {isa = PBXFileReference; lastKnownFileType = sourcecode.swift; path = LocationService.swift; sourceTree = "<group>"; };
		3F50255A272C49420029F0D0 /* AirportCoordinator.swift */ = {isa = PBXFileReference; lastKnownFileType = sourcecode.swift; path = AirportCoordinator.swift; sourceTree = "<group>"; };
		3F5227E827394470008C6ED6 /* CompanyViewModel.swift */ = {isa = PBXFileReference; lastKnownFileType = sourcecode.swift; path = CompanyViewModel.swift; sourceTree = "<group>"; };
		3F5227EA27395645008C6ED6 /* FlightController.swift */ = {isa = PBXFileReference; lastKnownFileType = sourcecode.swift; path = FlightController.swift; sourceTree = "<group>"; };
		3F5227EB27395645008C6ED6 /* FlightController.xib */ = {isa = PBXFileReference; lastKnownFileType = file.xib; path = FlightController.xib; sourceTree = "<group>"; };
		3F5227EE273957E0008C6ED6 /* ImageCell.swift */ = {isa = PBXFileReference; lastKnownFileType = sourcecode.swift; path = ImageCell.swift; sourceTree = "<group>"; };
		3F5227EF273957E0008C6ED6 /* ImageCell.xib */ = {isa = PBXFileReference; lastKnownFileType = file.xib; path = ImageCell.xib; sourceTree = "<group>"; };
		3F5227F227395A92008C6ED6 /* AircraftViewModel.swift */ = {isa = PBXFileReference; lastKnownFileType = sourcecode.swift; path = AircraftViewModel.swift; sourceTree = "<group>"; };
		3F853228272A83FA00C81509 /* FlightView.swift */ = {isa = PBXFileReference; lastKnownFileType = sourcecode.swift; path = FlightView.swift; sourceTree = "<group>"; };
		3F85322A272AADEA00C81509 /* BackgroundView.swift */ = {isa = PBXFileReference; lastKnownFileType = sourcecode.swift; path = BackgroundView.swift; sourceTree = "<group>"; };
		3F85322C272AB53000C81509 /* TextAttributes.swift */ = {isa = PBXFileReference; lastKnownFileType = sourcecode.swift; path = TextAttributes.swift; sourceTree = "<group>"; };
		3F85322E272ABCBD00C81509 /* ActivityIndicator.swift */ = {isa = PBXFileReference; lastKnownFileType = sourcecode.swift; path = ActivityIndicator.swift; sourceTree = "<group>"; };
		3F853236272AC8C300C81509 /* AirportSearchController.swift */ = {isa = PBXFileReference; lastKnownFileType = sourcecode.swift; path = AirportSearchController.swift; sourceTree = "<group>"; };
		3F853237272AC8C300C81509 /* AirportSearchController.xib */ = {isa = PBXFileReference; lastKnownFileType = file.xib; path = AirportSearchController.xib; sourceTree = "<group>"; };
		3F85323A272ACA2500C81509 /* Divider.swift */ = {isa = PBXFileReference; lastKnownFileType = sourcecode.swift; path = Divider.swift; sourceTree = "<group>"; };
		3F85323C272AD04E00C81509 /* AirportSearchViewModel.swift */ = {isa = PBXFileReference; lastKnownFileType = sourcecode.swift; path = AirportSearchViewModel.swift; sourceTree = "<group>"; };
		3F85323F272AD1AA00C81509 /* AirportCell.swift */ = {isa = PBXFileReference; lastKnownFileType = sourcecode.swift; path = AirportCell.swift; sourceTree = "<group>"; };
		3F8F40382729680F002CABBC /* SearchField.swift */ = {isa = PBXFileReference; lastKnownFileType = sourcecode.swift; path = SearchField.swift; sourceTree = "<group>"; };
		3F8F4040272975C5002CABBC /* MonochromeButton.swift */ = {isa = PBXFileReference; lastKnownFileType = sourcecode.swift; path = MonochromeButton.swift; sourceTree = "<group>"; };
		3F905C40273CF84300A009E9 /* TicketsViewModel.swift */ = {isa = PBXFileReference; lastKnownFileType = sourcecode.swift; path = TicketsViewModel.swift; sourceTree = "<group>"; };
		3F905C43273D1D9300A009E9 /* TicketCell.swift */ = {isa = PBXFileReference; lastKnownFileType = sourcecode.swift; path = TicketCell.swift; sourceTree = "<group>"; };
		3F905C44273D1D9300A009E9 /* TicketCell.xib */ = {isa = PBXFileReference; lastKnownFileType = file.xib; path = TicketCell.xib; sourceTree = "<group>"; };
		3F97BC16273BD3AC00496789 /* AircraftImage.swift */ = {isa = PBXFileReference; lastKnownFileType = sourcecode.swift; path = AircraftImage.swift; sourceTree = "<group>"; };
		3F97BC18273BD4B000496789 /* Aircraft.swift */ = {isa = PBXFileReference; lastKnownFileType = sourcecode.swift; path = Aircraft.swift; sourceTree = "<group>"; };
		3F98A3DD273552A100FC14B5 /* MapViewModel.swift */ = {isa = PBXFileReference; lastKnownFileType = sourcecode.swift; path = MapViewModel.swift; sourceTree = "<group>"; };
		3F98A3DF2735532000FC14B5 /* FlightModalViewModel.swift */ = {isa = PBXFileReference; lastKnownFileType = sourcecode.swift; path = FlightModalViewModel.swift; sourceTree = "<group>"; };
		3F99DFCC273A5A2E009A838C /* Rx+AlertController.swift */ = {isa = PBXFileReference; lastKnownFileType = sourcecode.swift; path = "Rx+AlertController.swift"; sourceTree = "<group>"; };
		3FA400472732BE970008A1FB /* AltitudeLegend.swift */ = {isa = PBXFileReference; lastKnownFileType = sourcecode.swift; path = AltitudeLegend.swift; sourceTree = "<group>"; };
		3FA8BDC12742964500BF669B /* HelperTests.swift */ = {isa = PBXFileReference; lastKnownFileType = sourcecode.swift; path = HelperTests.swift; sourceTree = "<group>"; };
		3FB67C06274640DD00A551A6 /* airports.json */ = {isa = PBXFileReference; fileEncoding = 4; lastKnownFileType = text.json; path = airports.json; sourceTree = "<group>"; };
		3FB67C0927464E0900A551A6 /* airportDetails.json */ = {isa = PBXFileReference; lastKnownFileType = text.json; path = airportDetails.json; sourceTree = "<group>"; };
		3FB67C0B274651F500A551A6 /* MockAirportDetailsCoordinator.swift */ = {isa = PBXFileReference; lastKnownFileType = sourcecode.swift; path = MockAirportDetailsCoordinator.swift; sourceTree = "<group>"; };
		3FB67C0D2746574800A551A6 /* AirportDetailsTest.swift */ = {isa = PBXFileReference; lastKnownFileType = sourcecode.swift; path = AirportDetailsTest.swift; sourceTree = "<group>"; };
		3FBBFD98272F05B200AA93E1 /* TabBarController.swift */ = {isa = PBXFileReference; lastKnownFileType = sourcecode.swift; path = TabBarController.swift; sourceTree = "<group>"; };
		3FC061B4273824C500CCB2BB /* CompanyController.swift */ = {isa = PBXFileReference; lastKnownFileType = sourcecode.swift; path = CompanyController.swift; sourceTree = "<group>"; };
		3FC061B5273824C500CCB2BB /* CompanyController.xib */ = {isa = PBXFileReference; lastKnownFileType = file.xib; path = CompanyController.xib; sourceTree = "<group>"; };
		3FC061B8273824DD00CCB2BB /* AircraftController.swift */ = {isa = PBXFileReference; lastKnownFileType = sourcecode.swift; path = AircraftController.swift; sourceTree = "<group>"; };
		3FC061B9273824DD00CCB2BB /* AircraftController.xib */ = {isa = PBXFileReference; lastKnownFileType = file.xib; path = AircraftController.xib; sourceTree = "<group>"; };
		3FC061BC2738252D00CCB2BB /* TicketsController.swift */ = {isa = PBXFileReference; lastKnownFileType = sourcecode.swift; path = TicketsController.swift; sourceTree = "<group>"; };
		3FC061BD2738252D00CCB2BB /* TicketsController.xib */ = {isa = PBXFileReference; lastKnownFileType = file.xib; path = TicketsController.xib; sourceTree = "<group>"; };
		3FC3225E273914750090E001 /* BaseViewController.swift */ = {isa = PBXFileReference; lastKnownFileType = sourcecode.swift; path = BaseViewController.swift; sourceTree = "<group>"; };
		3FCC4DE627439CB800FBE76C /* MockPersistanceService.swift */ = {isa = PBXFileReference; lastKnownFileType = sourcecode.swift; path = MockPersistanceService.swift; sourceTree = "<group>"; };
		3FCC4DE827439FD100FBE76C /* MockNetworkService.swift */ = {isa = PBXFileReference; lastKnownFileType = sourcecode.swift; path = MockNetworkService.swift; sourceTree = "<group>"; };
		3FCC4DEA2743A46100FBE76C /* MockLocationService.swift */ = {isa = PBXFileReference; lastKnownFileType = sourcecode.swift; path = MockLocationService.swift; sourceTree = "<group>"; };
		3FCC4DEC2743A5D700FBE76C /* MockService.swift */ = {isa = PBXFileReference; lastKnownFileType = sourcecode.swift; path = MockService.swift; sourceTree = "<group>"; };
		3FCC4DF12743A6E800FBE76C /* MockAirportSearchCoordinator.swift */ = {isa = PBXFileReference; lastKnownFileType = sourcecode.swift; path = MockAirportSearchCoordinator.swift; sourceTree = "<group>"; };
		3FD2D75E273A85E20096B5AB /* FlightViewModel.swift */ = {isa = PBXFileReference; lastKnownFileType = sourcecode.swift; path = FlightViewModel.swift; sourceTree = "<group>"; };
		3FE0B3DF2731258100722CBE /* AirportDetailsViewModel.swift */ = {isa = PBXFileReference; lastKnownFileType = sourcecode.swift; path = AirportDetailsViewModel.swift; sourceTree = "<group>"; };
		3FE0B3E127312BE100722CBE /* FlightModel.swift */ = {isa = PBXFileReference; lastKnownFileType = sourcecode.swift; path = FlightModel.swift; sourceTree = "<group>"; };
		3FE0B3E32731421B00722CBE /* FlightCell.swift */ = {isa = PBXFileReference; lastKnownFileType = sourcecode.swift; path = FlightCell.swift; sourceTree = "<group>"; };
		3FE5E0F3272FCAE100CA056D /* MapCoordinator.swift */ = {isa = PBXFileReference; lastKnownFileType = sourcecode.swift; path = MapCoordinator.swift; sourceTree = "<group>"; };
		3FE5E0F5272FCB9200CA056D /* TicketsCoordinator.swift */ = {isa = PBXFileReference; lastKnownFileType = sourcecode.swift; path = TicketsCoordinator.swift; sourceTree = "<group>"; };
		3FEBA7C52727FA17006C476F /* FlightRadar.app */ = {isa = PBXFileReference; explicitFileType = wrapper.application; includeInIndex = 0; path = FlightRadar.app; sourceTree = BUILT_PRODUCTS_DIR; };
		3FEBA7C82727FA17006C476F /* AppDelegate.swift */ = {isa = PBXFileReference; lastKnownFileType = sourcecode.swift; path = AppDelegate.swift; sourceTree = "<group>"; };
		3FEBA7CA2727FA17006C476F /* SceneDelegate.swift */ = {isa = PBXFileReference; lastKnownFileType = sourcecode.swift; path = SceneDelegate.swift; sourceTree = "<group>"; };
		3FEBA7D22727FA17006C476F /* FlightRadar.xcdatamodel */ = {isa = PBXFileReference; lastKnownFileType = wrapper.xcdatamodel; path = FlightRadar.xcdatamodel; sourceTree = "<group>"; };
		3FEBA7D42727FA18006C476F /* Assets.xcassets */ = {isa = PBXFileReference; lastKnownFileType = folder.assetcatalog; path = Assets.xcassets; sourceTree = "<group>"; };
		3FEBA7D72727FA18006C476F /* Base */ = {isa = PBXFileReference; lastKnownFileType = file.storyboard; name = Base; path = Base.lproj/LaunchScreen.storyboard; sourceTree = "<group>"; };
		3FEBA7D92727FA18006C476F /* Info.plist */ = {isa = PBXFileReference; lastKnownFileType = text.plist.xml; path = Info.plist; sourceTree = "<group>"; };
		3FEBA7DE2727FA18006C476F /* FlightRadarTests.xctest */ = {isa = PBXFileReference; explicitFileType = wrapper.cfbundle; includeInIndex = 0; path = FlightRadarTests.xctest; sourceTree = BUILT_PRODUCTS_DIR; };
		3FEBA7FF2727FCF2006C476F /* Oswald-Medium.ttf */ = {isa = PBXFileReference; lastKnownFileType = file; path = "Oswald-Medium.ttf"; sourceTree = "<group>"; };
		3FEBA8002727FCF2006C476F /* Oswald-Regular.ttf */ = {isa = PBXFileReference; lastKnownFileType = file; path = "Oswald-Regular.ttf"; sourceTree = "<group>"; };
		3FEBA8012727FCF2006C476F /* Oswald-Light.ttf */ = {isa = PBXFileReference; lastKnownFileType = file; path = "Oswald-Light.ttf"; sourceTree = "<group>"; };
		3FEBA80B2727FF1B006C476F /* UIColor + Custom Colors.swift */ = {isa = PBXFileReference; lastKnownFileType = sourcecode.swift; path = "UIColor + Custom Colors.swift"; sourceTree = "<group>"; };
		3FEBA80D2727FF38006C476F /* UIImage + Custom Images.swift */ = {isa = PBXFileReference; lastKnownFileType = sourcecode.swift; path = "UIImage + Custom Images.swift"; sourceTree = "<group>"; };
		3FEBA80F2727FF50006C476F /* UIFont + Custom Fonts.swift */ = {isa = PBXFileReference; lastKnownFileType = sourcecode.swift; path = "UIFont + Custom Fonts.swift"; sourceTree = "<group>"; };
		3FF0786F2743ACB500C9232E /* AirportSearchTest.swift */ = {isa = PBXFileReference; lastKnownFileType = sourcecode.swift; path = AirportSearchTest.swift; sourceTree = "<group>"; };
		3FF9C1CE27300B84001B7745 /* FlightModalController.swift */ = {isa = PBXFileReference; lastKnownFileType = sourcecode.swift; path = FlightModalController.swift; sourceTree = "<group>"; };
		3FF9C1CF27300B84001B7745 /* FlightModalController.xib */ = {isa = PBXFileReference; lastKnownFileType = file.xib; path = FlightModalController.xib; sourceTree = "<group>"; };
/* End PBXFileReference section */

/* Begin PBXFrameworksBuildPhase section */
		3FEBA7C22727FA17006C476F /* Frameworks */ = {
			isa = PBXFrameworksBuildPhase;
			buildActionMask = 2147483647;
			files = (
				3FEBA819272801CB006C476F /* RxSwift in Frameworks */,
				3F99DFCB273A4F63009A838C /* RxNuke in Frameworks */,
				3FEBA81C272801E8006C476F /* Alamofire in Frameworks */,
				3FEBA817272801CB006C476F /* RxRelay in Frameworks */,
				3FEBA81F27280234006C476F /* RxAlamofire in Frameworks */,
				3FEBA815272801CB006C476F /* RxCocoa in Frameworks */,
			);
			runOnlyForDeploymentPostprocessing = 0;
		};
		3FEBA7DB2727FA18006C476F /* Frameworks */ = {
			isa = PBXFrameworksBuildPhase;
			buildActionMask = 2147483647;
			files = (
				3FEBA813272801CB006C476F /* RxBlocking in Frameworks */,
			);
			runOnlyForDeploymentPostprocessing = 0;
		};
/* End PBXFrameworksBuildPhase section */

/* Begin PBXGroup section */
		3F2C78F5272BCFFB00DA042B /* Services */ = {
			isa = PBXGroup;
			children = (
				3F502557272C43EE0029F0D0 /* Location */,
				3F2C78FA272BD0DE00DA042B /* Networking */,
				3F2C78F6272BD01500DA042B /* Services.swift */,
				3FEBA7FD2727FB61006C476F /* CoreData */,
			);
			path = Services;
			sourceTree = "<group>";
		};
		3F2C78FA272BD0DE00DA042B /* Networking */ = {
			isa = PBXGroup;
			children = (
				3F2C7907272BEA7200DA042B /* Response Models */,
				3F2C7906272BEA6700DA042B /* Request Models */,
				3F2C78FC272BD0FF00DA042B /* NetworkService.swift */,
				3F2C7902272BE9EF00DA042B /* APIKey.swift */,
				3F2C7904272BEA4000DA042B /* APIRequest.swift */,
			);
			path = Networking;
			sourceTree = "<group>";
		};
		3F2C7906272BEA6700DA042B /* Request Models */ = {
			isa = PBXGroup;
			children = (
				3F2C790C272BEABA00DA042B /* RequestModels.swift */,
			);
			path = "Request Models";
			sourceTree = "<group>";
		};
		3F2C7907272BEA7200DA042B /* Response Models */ = {
			isa = PBXGroup;
			children = (
				3F2C7908272BEAAC00DA042B /* AirportModel.swift */,
				3F2C7909272BEAAC00DA042B /* CompanyModel.swift */,
				3FE0B3E127312BE100722CBE /* FlightModel.swift */,
				3F97BC16273BD3AC00496789 /* AircraftImage.swift */,
				3F97BC18273BD4B000496789 /* Aircraft.swift */,
				3F06A9C627419189005C6172 /* TicketModel.swift */,
			);
			path = "Response Models";
			sourceTree = "<group>";
		};
		3F3140BE273EB81C0020F1F2 /* Modal */ = {
			isa = PBXGroup;
			children = (
				3FF9C1CE27300B84001B7745 /* FlightModalController.swift */,
				3FF9C1CF27300B84001B7745 /* FlightModalController.xib */,
				3F98A3DF2735532000FC14B5 /* FlightModalViewModel.swift */,
			);
			path = Modal;
			sourceTree = "<group>";
		};
		3F3140BF273EB82F0020F1F2 /* Modal */ = {
			isa = PBXGroup;
			children = (
				3F3140C0273EB8680020F1F2 /* AirportSelectionController.swift */,
				3F3140C1273EB8680020F1F2 /* AirportSelectionController.xib */,
				3F3140C4273EBAA40020F1F2 /* AirportSelectionViewModel.swift */,
			);
			path = Modal;
			sourceTree = "<group>";
		};
		3F4F34A8272FE99C004E9EB3 /* Helpers */ = {
			isa = PBXGroup;
			children = (
				3F4F34A9272FE9B1004E9EB3 /* NumberFormatter.swift */,
				3F3A775827316097007853ED /* DateFormatter.swift */,
			);
			path = Helpers;
			sourceTree = "<group>";
		};
		3F4F34AB272FFF6C004E9EB3 /* Airport Details */ = {
			isa = PBXGroup;
			children = (
				3FE0B3E5273143FD00722CBE /* Cell */,
				3F4F34AC273000FA004E9EB3 /* AirportDetailsController.swift */,
				3F4F34AD273000FA004E9EB3 /* AirportDetailsController.xib */,
				3FE0B3DF2731258100722CBE /* AirportDetailsViewModel.swift */,
			);
			path = "Airport Details";
			sourceTree = "<group>";
		};
		3F4F34B0273003E8004E9EB3 /* Map */ = {
			isa = PBXGroup;
			children = (
				3F4F34B12730040C004E9EB3 /* MapController.swift */,
				3F98A3DD273552A100FC14B5 /* MapViewModel.swift */,
			);
			path = Map;
			sourceTree = "<group>";
		};
		3F4F34B327300429004E9EB3 /* Flight */ = {
			isa = PBXGroup;
			children = (
				3F3140BE273EB81C0020F1F2 /* Modal */,
				3F5227EA27395645008C6ED6 /* FlightController.swift */,
				3F5227EB27395645008C6ED6 /* FlightController.xib */,
				3FD2D75E273A85E20096B5AB /* FlightViewModel.swift */,
			);
			path = Flight;
			sourceTree = "<group>";
		};
		3F502557272C43EE0029F0D0 /* Location */ = {
			isa = PBXGroup;
			children = (
				3F502558272C44010029F0D0 /* LocationService.swift */,
			);
			path = Location;
			sourceTree = "<group>";
		};
		3F50255C272C4A700029F0D0 /* Coordinator */ = {
			isa = PBXGroup;
			children = (
				3F2C78F3272BCF8800DA042B /* Coordinator.swift */,
				3F50255A272C49420029F0D0 /* AirportCoordinator.swift */,
				3FE5E0F3272FCAE100CA056D /* MapCoordinator.swift */,
				3FE5E0F5272FCB9200CA056D /* TicketsCoordinator.swift */,
			);
			path = Coordinator;
			sourceTree = "<group>";
		};
		3F5227F427396D3F008C6ED6 /* Cell */ = {
			isa = PBXGroup;
			children = (
				3F5227EE273957E0008C6ED6 /* ImageCell.swift */,
				3F5227EF273957E0008C6ED6 /* ImageCell.xib */,
			);
			path = Cell;
			sourceTree = "<group>";
		};
		3F853230272AC79900C81509 /* Scenes */ = {
			isa = PBXGroup;
			children = (
				3FC061B3273824A700CCB2BB /* Aircraft */,
				3FC061B22738249700CCB2BB /* Company */,
				3FC061B12738248900CCB2BB /* Tickets */,
				3F4F34B327300429004E9EB3 /* Flight */,
				3F4F34B0273003E8004E9EB3 /* Map */,
				3F4F34AB272FFF6C004E9EB3 /* Airport Details */,
				3F853231272AC7A400C81509 /* Airports */,
			);
			path = Scenes;
			sourceTree = "<group>";
		};
		3F853231272AC7A400C81509 /* Airports */ = {
			isa = PBXGroup;
			children = (
				3F85323E272AD13500C81509 /* Cell */,
				3F853236272AC8C300C81509 /* AirportSearchController.swift */,
				3F853237272AC8C300C81509 /* AirportSearchController.xib */,
				3F85323C272AD04E00C81509 /* AirportSearchViewModel.swift */,
			);
			path = Airports;
			sourceTree = "<group>";
		};
		3F85323E272AD13500C81509 /* Cell */ = {
			isa = PBXGroup;
			children = (
				3F85323F272AD1AA00C81509 /* AirportCell.swift */,
				3F502555272C43140029F0D0 /* AirportViewViewModel.swift */,
			);
			path = Cell;
			sourceTree = "<group>";
		};
		3F905C42273D1D6C00A009E9 /* Cell */ = {
			isa = PBXGroup;
			children = (
				3F905C43273D1D9300A009E9 /* TicketCell.swift */,
				3F905C44273D1D9300A009E9 /* TicketCell.xib */,
				3F3140BC273EB49D0020F1F2 /* TicketCellViewModel.swift */,
			);
			path = Cell;
			sourceTree = "<group>";
		};
		3FB67C05274640AB00A551A6 /* JSON */ = {
			isa = PBXGroup;
			children = (
				3FB67C06274640DD00A551A6 /* airports.json */,
				3FB67C0927464E0900A551A6 /* airportDetails.json */,
				3F4FA46127481E0400BD57D8 /* company.json */,
			);
			path = JSON;
			sourceTree = "<group>";
		};
		3FC061B12738248900CCB2BB /* Tickets */ = {
			isa = PBXGroup;
			children = (
				3F3140BF273EB82F0020F1F2 /* Modal */,
				3F905C42273D1D6C00A009E9 /* Cell */,
				3FC061BC2738252D00CCB2BB /* TicketsController.swift */,
				3FC061BD2738252D00CCB2BB /* TicketsController.xib */,
				3F905C40273CF84300A009E9 /* TicketsViewModel.swift */,
			);
			path = Tickets;
			sourceTree = "<group>";
		};
		3FC061B22738249700CCB2BB /* Company */ = {
			isa = PBXGroup;
			children = (
				3FC061B4273824C500CCB2BB /* CompanyController.swift */,
				3FC061B5273824C500CCB2BB /* CompanyController.xib */,
				3F5227E827394470008C6ED6 /* CompanyViewModel.swift */,
			);
			path = Company;
			sourceTree = "<group>";
		};
		3FC061B3273824A700CCB2BB /* Aircraft */ = {
			isa = PBXGroup;
			children = (
				3F5227F427396D3F008C6ED6 /* Cell */,
				3FC061B8273824DD00CCB2BB /* AircraftController.swift */,
				3FC061B9273824DD00CCB2BB /* AircraftController.xib */,
				3F5227F227395A92008C6ED6 /* AircraftViewModel.swift */,
			);
			path = Aircraft;
			sourceTree = "<group>";
		};
		3FCC4DE527439C9A00FBE76C /* Mocks */ = {
			isa = PBXGroup;
			children = (
				3FCC4DF02743A6C700FBE76C /* Coordinator */,
				3FCC4DEF2743A6B600FBE76C /* Service */,
			);
			path = Mocks;
			sourceTree = "<group>";
		};
		3FCC4DEE2743A6A600FBE76C /* ViewModelTests */ = {
			isa = PBXGroup;
			children = (
				3FF0786F2743ACB500C9232E /* AirportSearchTest.swift */,
				3FB67C0D2746574800A551A6 /* AirportDetailsTest.swift */,
				3F4FA455274814A500BD57D8 /* CompanyTest.swift */,
				3F4FA459274814C700BD57D8 /* FlightTest.swift */,
			);
			path = ViewModelTests;
			sourceTree = "<group>";
		};
		3FCC4DEF2743A6B600FBE76C /* Service */ = {
			isa = PBXGroup;
			children = (
				3FCC4DE627439CB800FBE76C /* MockPersistanceService.swift */,
				3FCC4DE827439FD100FBE76C /* MockNetworkService.swift */,
				3FCC4DEA2743A46100FBE76C /* MockLocationService.swift */,
				3FCC4DEC2743A5D700FBE76C /* MockService.swift */,
			);
			path = Service;
			sourceTree = "<group>";
		};
		3FCC4DF02743A6C700FBE76C /* Coordinator */ = {
			isa = PBXGroup;
			children = (
				3FCC4DF12743A6E800FBE76C /* MockAirportSearchCoordinator.swift */,
				3FB67C0B274651F500A551A6 /* MockAirportDetailsCoordinator.swift */,
				3F4FA453274813F600BD57D8 /* MockCompanyCoordinator.swift */,
				3F4FA45D2748165400BD57D8 /* MockFlightCoordinator.swift */,
			);
			path = Coordinator;
			sourceTree = "<group>";
		};
		3FE0B3E5273143FD00722CBE /* Cell */ = {
			isa = PBXGroup;
			children = (
				3FE0B3E32731421B00722CBE /* FlightCell.swift */,
				3F3A775227315D6D007853ED /* OptionCell.swift */,
				3F3A775627315F87007853ED /* FlightViewViewModel.swift */,
			);
			path = Cell;
			sourceTree = "<group>";
		};
		3FEBA7BC2727FA17006C476F = {
			isa = PBXGroup;
			children = (
				3FEBA7C72727FA17006C476F /* FlightRadar */,
				3FEBA7E12727FA18006C476F /* FlightRadarTests */,
				3FEBA7C62727FA17006C476F /* Products */,
			);
			sourceTree = "<group>";
		};
		3FEBA7C62727FA17006C476F /* Products */ = {
			isa = PBXGroup;
			children = (
				3FEBA7C52727FA17006C476F /* FlightRadar.app */,
				3FEBA7DE2727FA18006C476F /* FlightRadarTests.xctest */,
			);
			name = Products;
			sourceTree = "<group>";
		};
		3FEBA7C72727FA17006C476F /* FlightRadar */ = {
			isa = PBXGroup;
			children = (
				3F4F34A8272FE99C004E9EB3 /* Helpers */,
				3F50255C272C4A700029F0D0 /* Coordinator */,
				3F2C78F5272BCFFB00DA042B /* Services */,
				3F853230272AC79900C81509 /* Scenes */,
				3FEBA82027280548006C476F /* Custom Views */,
				3FEBA7FC2727FB4A006C476F /* Resources */,
				3FEBA7FB2727FB2F006C476F /* AppDelegate */,
			);
			path = FlightRadar;
			sourceTree = "<group>";
		};
		3FEBA7E12727FA18006C476F /* FlightRadarTests */ = {
			isa = PBXGroup;
			children = (
				3FB67C05274640AB00A551A6 /* JSON */,
				3FA8BDC12742964500BF669B /* HelperTests.swift */,
				3FCC4DEE2743A6A600FBE76C /* ViewModelTests */,
				3FCC4DE527439C9A00FBE76C /* Mocks */,
			);
			path = FlightRadarTests;
			sourceTree = "<group>";
		};
		3FEBA7FB2727FB2F006C476F /* AppDelegate */ = {
			isa = PBXGroup;
			children = (
				3FEBA7D92727FA18006C476F /* Info.plist */,
				3FEBA7C82727FA17006C476F /* AppDelegate.swift */,
				3FEBA7CA2727FA17006C476F /* SceneDelegate.swift */,
			);
			path = AppDelegate;
			sourceTree = "<group>";
		};
		3FEBA7FC2727FB4A006C476F /* Resources */ = {
			isa = PBXGroup;
			children = (
				3FEBA7FE2727FCB7006C476F /* Fonts */,
				3FEBA7D62727FA18006C476F /* LaunchScreen.storyboard */,
				3FEBA7D42727FA18006C476F /* Assets.xcassets */,
				3FEBA80B2727FF1B006C476F /* UIColor + Custom Colors.swift */,
				3FEBA80D2727FF38006C476F /* UIImage + Custom Images.swift */,
				3FEBA80F2727FF50006C476F /* UIFont + Custom Fonts.swift */,
			);
			path = Resources;
			sourceTree = "<group>";
		};
		3FEBA7FD2727FB61006C476F /* CoreData */ = {
			isa = PBXGroup;
			children = (
				3FEBA7D12727FA17006C476F /* FlightRadar.xcdatamodeld */,
				3F2C78F8272BD07400DA042B /* PersistanceService.swift */,
			);
			path = CoreData;
			sourceTree = "<group>";
		};
		3FEBA7FE2727FCB7006C476F /* Fonts */ = {
			isa = PBXGroup;
			children = (
				3FEBA8012727FCF2006C476F /* Oswald-Light.ttf */,
				3FEBA7FF2727FCF2006C476F /* Oswald-Medium.ttf */,
				3FEBA8002727FCF2006C476F /* Oswald-Regular.ttf */,
			);
			path = Fonts;
			sourceTree = "<group>";
		};
		3FEBA82027280548006C476F /* Custom Views */ = {
			isa = PBXGroup;
			children = (
				3F853228272A83FA00C81509 /* FlightView.swift */,
				3F8F40382729680F002CABBC /* SearchField.swift */,
				3F8F4040272975C5002CABBC /* MonochromeButton.swift */,
				3F85322A272AADEA00C81509 /* BackgroundView.swift */,
				3F85322C272AB53000C81509 /* TextAttributes.swift */,
				3F85322E272ABCBD00C81509 /* ActivityIndicator.swift */,
				3F85323A272ACA2500C81509 /* Divider.swift */,
				3F317BFF272AD51700642C39 /* AirportView.swift */,
				3F317C01272AD86000642C39 /* MonochromeLabel.swift */,
				3F2C7900272BE50D00DA042B /* Rx + ActivityIndicator.swift */,
				3FBBFD98272F05B200AA93E1 /* TabBarController.swift */,
				3FA400472732BE970008A1FB /* AltitudeLegend.swift */,
				3FC3225E273914750090E001 /* BaseViewController.swift */,
				3F99DFCC273A5A2E009A838C /* Rx+AlertController.swift */,
			);
			path = "Custom Views";
			sourceTree = "<group>";
		};
/* End PBXGroup section */

/* Begin PBXNativeTarget section */
		3FEBA7C42727FA17006C476F /* FlightRadar */ = {
			isa = PBXNativeTarget;
			buildConfigurationList = 3FEBA7F22727FA18006C476F /* Build configuration list for PBXNativeTarget "FlightRadar" */;
			buildPhases = (
				3FEBA7C12727FA17006C476F /* Sources */,
				3FEBA7C22727FA17006C476F /* Frameworks */,
				3FEBA7C32727FA17006C476F /* Resources */,
			);
			buildRules = (
			);
			dependencies = (
			);
			name = FlightRadar;
			packageProductDependencies = (
				3FEBA814272801CB006C476F /* RxCocoa */,
				3FEBA816272801CB006C476F /* RxRelay */,
				3FEBA818272801CB006C476F /* RxSwift */,
				3FEBA81B272801E8006C476F /* Alamofire */,
				3FEBA81E27280234006C476F /* RxAlamofire */,
				3F99DFCA273A4F63009A838C /* RxNuke */,
			);
			productName = FlightRadar;
			productReference = 3FEBA7C52727FA17006C476F /* FlightRadar.app */;
			productType = "com.apple.product-type.application";
		};
		3FEBA7DD2727FA18006C476F /* FlightRadarTests */ = {
			isa = PBXNativeTarget;
			buildConfigurationList = 3FEBA7F52727FA18006C476F /* Build configuration list for PBXNativeTarget "FlightRadarTests" */;
			buildPhases = (
				3FEBA7DA2727FA18006C476F /* Sources */,
				3FEBA7DB2727FA18006C476F /* Frameworks */,
				3FEBA7DC2727FA18006C476F /* Resources */,
			);
			buildRules = (
			);
			dependencies = (
				3FEBA7E02727FA18006C476F /* PBXTargetDependency */,
			);
			name = FlightRadarTests;
			packageProductDependencies = (
				3FEBA812272801CB006C476F /* RxBlocking */,
			);
			productName = FlightRadarTests;
			productReference = 3FEBA7DE2727FA18006C476F /* FlightRadarTests.xctest */;
			productType = "com.apple.product-type.bundle.unit-test";
		};
/* End PBXNativeTarget section */

/* Begin PBXProject section */
		3FEBA7BD2727FA17006C476F /* Project object */ = {
			isa = PBXProject;
			attributes = {
				BuildIndependentTargetsInParallel = 1;
				LastSwiftUpdateCheck = 1300;
				LastUpgradeCheck = 1300;
				TargetAttributes = {
					3FEBA7C42727FA17006C476F = {
						CreatedOnToolsVersion = 13.0;
					};
					3FEBA7DD2727FA18006C476F = {
						CreatedOnToolsVersion = 13.0;
						TestTargetID = 3FEBA7C42727FA17006C476F;
					};
				};
			};
			buildConfigurationList = 3FEBA7C02727FA17006C476F /* Build configuration list for PBXProject "FlightRadar" */;
			compatibilityVersion = "Xcode 12.0";
			developmentRegion = en;
			hasScannedForEncodings = 0;
			knownRegions = (
				en,
				Base,
			);
			mainGroup = 3FEBA7BC2727FA17006C476F;
			packageReferences = (
				3FEBA811272801CB006C476F /* XCRemoteSwiftPackageReference "RxSwift" */,
				3FEBA81A272801E8006C476F /* XCRemoteSwiftPackageReference "Alamofire" */,
				3FEBA81D27280234006C476F /* XCRemoteSwiftPackageReference "RxAlamofire" */,
				3F99DFC9273A4F63009A838C /* XCRemoteSwiftPackageReference "RxNuke" */,
			);
			productRefGroup = 3FEBA7C62727FA17006C476F /* Products */;
			projectDirPath = "";
			projectRoot = "";
			targets = (
				3FEBA7C42727FA17006C476F /* FlightRadar */,
				3FEBA7DD2727FA18006C476F /* FlightRadarTests */,
			);
		};
/* End PBXProject section */

/* Begin PBXResourcesBuildPhase section */
		3FEBA7C32727FA17006C476F /* Resources */ = {
			isa = PBXResourcesBuildPhase;
			buildActionMask = 2147483647;
			files = (
				3F5227F1273957E0008C6ED6 /* ImageCell.xib in Resources */,
				3FF9C1D127300B84001B7745 /* FlightModalController.xib in Resources */,
				3F4F34AF273000FA004E9EB3 /* AirportDetailsController.xib in Resources */,
				3F905C46273D1D9300A009E9 /* TicketCell.xib in Resources */,
				3FEBA8022727FCF2006C476F /* Oswald-Medium.ttf in Resources */,
				3F5227ED27395645008C6ED6 /* FlightController.xib in Resources */,
				3F3140C3273EB8680020F1F2 /* AirportSelectionController.xib in Resources */,
				3FC061BF2738252D00CCB2BB /* TicketsController.xib in Resources */,
				3FEBA8062727FCF2006C476F /* Oswald-Light.ttf in Resources */,
				3FC061B7273824C500CCB2BB /* CompanyController.xib in Resources */,
				3F853239272AC8C300C81509 /* AirportSearchController.xib in Resources */,
				3FEBA7D82727FA18006C476F /* LaunchScreen.storyboard in Resources */,
				3FC061BB273824DD00CCB2BB /* AircraftController.xib in Resources */,
				3FEBA7D52727FA18006C476F /* Assets.xcassets in Resources */,
				3FEBA8042727FCF2006C476F /* Oswald-Regular.ttf in Resources */,
			);
			runOnlyForDeploymentPostprocessing = 0;
		};
		3FEBA7DC2727FA18006C476F /* Resources */ = {
			isa = PBXResourcesBuildPhase;
			buildActionMask = 2147483647;
			files = (
				3FEBA8072727FCF2006C476F /* Oswald-Light.ttf in Resources */,
				3F4FA46227481E0400BD57D8 /* company.json in Resources */,
				3FB67C0A27464E0900A551A6 /* airportDetails.json in Resources */,
				3FB67C07274640DD00A551A6 /* airports.json in Resources */,
				3FEBA8032727FCF2006C476F /* Oswald-Medium.ttf in Resources */,
				3FEBA8052727FCF2006C476F /* Oswald-Regular.ttf in Resources */,
			);
			runOnlyForDeploymentPostprocessing = 0;
		};
/* End PBXResourcesBuildPhase section */

/* Begin PBXSourcesBuildPhase section */
		3FEBA7C12727FA17006C476F /* Sources */ = {
			isa = PBXSourcesBuildPhase;
			buildActionMask = 2147483647;
			files = (
				3F3A775727315F87007853ED /* FlightViewViewModel.swift in Sources */,
				3FE0B3E02731258100722CBE /* AirportDetailsViewModel.swift in Sources */,
				3FA400482732BE970008A1FB /* AltitudeLegend.swift in Sources */,
				3FBBFD99272F05B200AA93E1 /* TabBarController.swift in Sources */,
				3F97BC19273BD4B000496789 /* Aircraft.swift in Sources */,
				3F99DFCD273A5A2E009A838C /* Rx+AlertController.swift in Sources */,
				3F3A775427315D6D007853ED /* OptionCell.swift in Sources */,
				3F905C45273D1D9300A009E9 /* TicketCell.swift in Sources */,
				3F85322B272AADEA00C81509 /* BackgroundView.swift in Sources */,
				3FE5E0F6272FCB9200CA056D /* TicketsCoordinator.swift in Sources */,
				3FC061BE2738252D00CCB2BB /* TicketsController.swift in Sources */,
				3FF9C1D027300B84001B7745 /* FlightModalController.swift in Sources */,
				3F2C78FD272BD0FF00DA042B /* NetworkService.swift in Sources */,
				3F3140C5273EBAA40020F1F2 /* AirportSelectionViewModel.swift in Sources */,
				3F2C7901272BE50D00DA042B /* Rx + ActivityIndicator.swift in Sources */,
				3F2C7905272BEA4000DA042B /* APIRequest.swift in Sources */,
				3F98A3DE273552A100FC14B5 /* MapViewModel.swift in Sources */,
				3F3140C2273EB8680020F1F2 /* AirportSelectionController.swift in Sources */,
				3FEBA80C2727FF1B006C476F /* UIColor + Custom Colors.swift in Sources */,
				3FD2D75F273A85E20096B5AB /* FlightViewModel.swift in Sources */,
				3F5227F0273957E0008C6ED6 /* ImageCell.swift in Sources */,
				3FC061B6273824C500CCB2BB /* CompanyController.swift in Sources */,
				3F8F4041272975C5002CABBC /* MonochromeButton.swift in Sources */,
				3F85323B272ACA2500C81509 /* Divider.swift in Sources */,
				3F2C78F9272BD07400DA042B /* PersistanceService.swift in Sources */,
				3F5227E927394470008C6ED6 /* CompanyViewModel.swift in Sources */,
				3F5227F327395A92008C6ED6 /* AircraftViewModel.swift in Sources */,
				3FEBA8102727FF50006C476F /* UIFont + Custom Fonts.swift in Sources */,
				3F85322F272ABCBD00C81509 /* ActivityIndicator.swift in Sources */,
				3F3A775927316097007853ED /* DateFormatter.swift in Sources */,
				3F4F34AE273000FA004E9EB3 /* AirportDetailsController.swift in Sources */,
				3F85322D272AB53000C81509 /* TextAttributes.swift in Sources */,
				3F2C790A272BEAAC00DA042B /* AirportModel.swift in Sources */,
				3F2C7903272BE9EF00DA042B /* APIKey.swift in Sources */,
				3F317C02272AD86000642C39 /* MonochromeLabel.swift in Sources */,
				3FEBA80E2727FF38006C476F /* UIImage + Custom Images.swift in Sources */,
				3F2C78F7272BD01500DA042B /* Services.swift in Sources */,
				3F97BC17273BD3AC00496789 /* AircraftImage.swift in Sources */,
				3F317C00272AD51700642C39 /* AirportView.swift in Sources */,
				3FEBA7D32727FA17006C476F /* FlightRadar.xcdatamodeld in Sources */,
				3FE0B3E42731421B00722CBE /* FlightCell.swift in Sources */,
				3F98A3E02735532000FC14B5 /* FlightModalViewModel.swift in Sources */,
				3F905C41273CF84300A009E9 /* TicketsViewModel.swift in Sources */,
				3FC3225F273914750090E001 /* BaseViewController.swift in Sources */,
				3F2C78F4272BCF8800DA042B /* Coordinator.swift in Sources */,
				3F5227EC27395645008C6ED6 /* FlightController.swift in Sources */,
				3F502556272C43140029F0D0 /* AirportViewViewModel.swift in Sources */,
				3F853238272AC8C300C81509 /* AirportSearchController.swift in Sources */,
				3FEBA7C92727FA17006C476F /* AppDelegate.swift in Sources */,
				3F502559272C44010029F0D0 /* LocationService.swift in Sources */,
				3FE5E0F4272FCAE100CA056D /* MapCoordinator.swift in Sources */,
				3F4F34AA272FE9B1004E9EB3 /* NumberFormatter.swift in Sources */,
				3F85323D272AD04E00C81509 /* AirportSearchViewModel.swift in Sources */,
				3F8F40392729680F002CABBC /* SearchField.swift in Sources */,
				3F2C790B272BEAAC00DA042B /* CompanyModel.swift in Sources */,
				3F4F34B22730040C004E9EB3 /* MapController.swift in Sources */,
				3F3140BD273EB49D0020F1F2 /* TicketCellViewModel.swift in Sources */,
				3F50255B272C49420029F0D0 /* AirportCoordinator.swift in Sources */,
				3FC061BA273824DD00CCB2BB /* AircraftController.swift in Sources */,
				3FE0B3E227312BE100722CBE /* FlightModel.swift in Sources */,
				3F06A9C72741918A005C6172 /* TicketModel.swift in Sources */,
				3F853240272AD1AA00C81509 /* AirportCell.swift in Sources */,
				3F853229272A83FA00C81509 /* FlightView.swift in Sources */,
				3FEBA7CB2727FA17006C476F /* SceneDelegate.swift in Sources */,
				3F2C790D272BEABA00DA042B /* RequestModels.swift in Sources */,
			);
			runOnlyForDeploymentPostprocessing = 0;
		};
		3FEBA7DA2727FA18006C476F /* Sources */ = {
			isa = PBXSourcesBuildPhase;
			buildActionMask = 2147483647;
			files = (
				3F4FA45A274814C700BD57D8 /* FlightTest.swift in Sources */,
				3FCC4DEB2743A46100FBE76C /* MockLocationService.swift in Sources */,
				3F4FA456274814A500BD57D8 /* CompanyTest.swift in Sources */,
				3FCC4DED2743A5D700FBE76C /* MockService.swift in Sources */,
				3F4FA45E2748165400BD57D8 /* MockFlightCoordinator.swift in Sources */,
				3FB67C0E2746574800A551A6 /* AirportDetailsTest.swift in Sources */,
				3FCC4DF22743A6E800FBE76C /* MockAirportSearchCoordinator.swift in Sources */,
				3FB67C0C274651F500A551A6 /* MockAirportDetailsCoordinator.swift in Sources */,
				3FCC4DE927439FD100FBE76C /* MockNetworkService.swift in Sources */,
				3F4FA454274813F600BD57D8 /* MockCompanyCoordinator.swift in Sources */,
				3FA8BDC22742964500BF669B /* HelperTests.swift in Sources */,
				3FF078702743ACB500C9232E /* AirportSearchTest.swift in Sources */,
				3FCC4DE727439CB800FBE76C /* MockPersistanceService.swift in Sources */,
			);
			runOnlyForDeploymentPostprocessing = 0;
		};
/* End PBXSourcesBuildPhase section */

/* Begin PBXTargetDependency section */
		3FEBA7E02727FA18006C476F /* PBXTargetDependency */ = {
			isa = PBXTargetDependency;
			target = 3FEBA7C42727FA17006C476F /* FlightRadar */;
			targetProxy = 3FEBA7DF2727FA18006C476F /* PBXContainerItemProxy */;
		};
/* End PBXTargetDependency section */

/* Begin PBXVariantGroup section */
		3FEBA7D62727FA18006C476F /* LaunchScreen.storyboard */ = {
			isa = PBXVariantGroup;
			children = (
				3FEBA7D72727FA18006C476F /* Base */,
			);
			name = LaunchScreen.storyboard;
			sourceTree = "<group>";
		};
/* End PBXVariantGroup section */

/* Begin XCBuildConfiguration section */
		3FEBA7F02727FA18006C476F /* Debug */ = {
			isa = XCBuildConfiguration;
			buildSettings = {
				ALWAYS_SEARCH_USER_PATHS = NO;
				CLANG_ANALYZER_NONNULL = YES;
				CLANG_ANALYZER_NUMBER_OBJECT_CONVERSION = YES_AGGRESSIVE;
				CLANG_CXX_LANGUAGE_STANDARD = "gnu++17";
				CLANG_CXX_LIBRARY = "libc++";
				CLANG_ENABLE_MODULES = YES;
				CLANG_ENABLE_OBJC_ARC = YES;
				CLANG_ENABLE_OBJC_WEAK = YES;
				CLANG_WARN_BLOCK_CAPTURE_AUTORELEASING = YES;
				CLANG_WARN_BOOL_CONVERSION = YES;
				CLANG_WARN_COMMA = YES;
				CLANG_WARN_CONSTANT_CONVERSION = YES;
				CLANG_WARN_DEPRECATED_OBJC_IMPLEMENTATIONS = YES;
				CLANG_WARN_DIRECT_OBJC_ISA_USAGE = YES_ERROR;
				CLANG_WARN_DOCUMENTATION_COMMENTS = YES;
				CLANG_WARN_EMPTY_BODY = YES;
				CLANG_WARN_ENUM_CONVERSION = YES;
				CLANG_WARN_INFINITE_RECURSION = YES;
				CLANG_WARN_INT_CONVERSION = YES;
				CLANG_WARN_NON_LITERAL_NULL_CONVERSION = YES;
				CLANG_WARN_OBJC_IMPLICIT_RETAIN_SELF = YES;
				CLANG_WARN_OBJC_LITERAL_CONVERSION = YES;
				CLANG_WARN_OBJC_ROOT_CLASS = YES_ERROR;
				CLANG_WARN_QUOTED_INCLUDE_IN_FRAMEWORK_HEADER = YES;
				CLANG_WARN_RANGE_LOOP_ANALYSIS = YES;
				CLANG_WARN_STRICT_PROTOTYPES = YES;
				CLANG_WARN_SUSPICIOUS_MOVE = YES;
				CLANG_WARN_UNGUARDED_AVAILABILITY = YES_AGGRESSIVE;
				CLANG_WARN_UNREACHABLE_CODE = YES;
				CLANG_WARN__DUPLICATE_METHOD_MATCH = YES;
				COPY_PHASE_STRIP = NO;
				DEBUG_INFORMATION_FORMAT = dwarf;
				ENABLE_STRICT_OBJC_MSGSEND = YES;
				ENABLE_TESTABILITY = YES;
				GCC_C_LANGUAGE_STANDARD = gnu11;
				GCC_DYNAMIC_NO_PIC = NO;
				GCC_NO_COMMON_BLOCKS = YES;
				GCC_OPTIMIZATION_LEVEL = 0;
				GCC_PREPROCESSOR_DEFINITIONS = (
					"DEBUG=1",
					"$(inherited)",
				);
				GCC_WARN_64_TO_32_BIT_CONVERSION = YES;
				GCC_WARN_ABOUT_RETURN_TYPE = YES_ERROR;
				GCC_WARN_UNDECLARED_SELECTOR = YES;
				GCC_WARN_UNINITIALIZED_AUTOS = YES_AGGRESSIVE;
				GCC_WARN_UNUSED_FUNCTION = YES;
				GCC_WARN_UNUSED_VARIABLE = YES;
				IPHONEOS_DEPLOYMENT_TARGET = 13.0;
				MTL_ENABLE_DEBUG_INFO = INCLUDE_SOURCE;
				MTL_FAST_MATH = YES;
				ONLY_ACTIVE_ARCH = YES;
				SDKROOT = iphoneos;
				SWIFT_ACTIVE_COMPILATION_CONDITIONS = DEBUG;
				SWIFT_OPTIMIZATION_LEVEL = "-Onone";
			};
			name = Debug;
		};
		3FEBA7F12727FA18006C476F /* Release */ = {
			isa = XCBuildConfiguration;
			buildSettings = {
				ALWAYS_SEARCH_USER_PATHS = NO;
				CLANG_ANALYZER_NONNULL = YES;
				CLANG_ANALYZER_NUMBER_OBJECT_CONVERSION = YES_AGGRESSIVE;
				CLANG_CXX_LANGUAGE_STANDARD = "gnu++17";
				CLANG_CXX_LIBRARY = "libc++";
				CLANG_ENABLE_MODULES = YES;
				CLANG_ENABLE_OBJC_ARC = YES;
				CLANG_ENABLE_OBJC_WEAK = YES;
				CLANG_WARN_BLOCK_CAPTURE_AUTORELEASING = YES;
				CLANG_WARN_BOOL_CONVERSION = YES;
				CLANG_WARN_COMMA = YES;
				CLANG_WARN_CONSTANT_CONVERSION = YES;
				CLANG_WARN_DEPRECATED_OBJC_IMPLEMENTATIONS = YES;
				CLANG_WARN_DIRECT_OBJC_ISA_USAGE = YES_ERROR;
				CLANG_WARN_DOCUMENTATION_COMMENTS = YES;
				CLANG_WARN_EMPTY_BODY = YES;
				CLANG_WARN_ENUM_CONVERSION = YES;
				CLANG_WARN_INFINITE_RECURSION = YES;
				CLANG_WARN_INT_CONVERSION = YES;
				CLANG_WARN_NON_LITERAL_NULL_CONVERSION = YES;
				CLANG_WARN_OBJC_IMPLICIT_RETAIN_SELF = YES;
				CLANG_WARN_OBJC_LITERAL_CONVERSION = YES;
				CLANG_WARN_OBJC_ROOT_CLASS = YES_ERROR;
				CLANG_WARN_QUOTED_INCLUDE_IN_FRAMEWORK_HEADER = YES;
				CLANG_WARN_RANGE_LOOP_ANALYSIS = YES;
				CLANG_WARN_STRICT_PROTOTYPES = YES;
				CLANG_WARN_SUSPICIOUS_MOVE = YES;
				CLANG_WARN_UNGUARDED_AVAILABILITY = YES_AGGRESSIVE;
				CLANG_WARN_UNREACHABLE_CODE = YES;
				CLANG_WARN__DUPLICATE_METHOD_MATCH = YES;
				COPY_PHASE_STRIP = NO;
				DEBUG_INFORMATION_FORMAT = "dwarf-with-dsym";
				ENABLE_NS_ASSERTIONS = NO;
				ENABLE_STRICT_OBJC_MSGSEND = YES;
				GCC_C_LANGUAGE_STANDARD = gnu11;
				GCC_NO_COMMON_BLOCKS = YES;
				GCC_WARN_64_TO_32_BIT_CONVERSION = YES;
				GCC_WARN_ABOUT_RETURN_TYPE = YES_ERROR;
				GCC_WARN_UNDECLARED_SELECTOR = YES;
				GCC_WARN_UNINITIALIZED_AUTOS = YES_AGGRESSIVE;
				GCC_WARN_UNUSED_FUNCTION = YES;
				GCC_WARN_UNUSED_VARIABLE = YES;
				IPHONEOS_DEPLOYMENT_TARGET = 13.0;
				MTL_ENABLE_DEBUG_INFO = NO;
				MTL_FAST_MATH = YES;
				SDKROOT = iphoneos;
				SWIFT_COMPILATION_MODE = wholemodule;
				SWIFT_OPTIMIZATION_LEVEL = "-O";
				VALIDATE_PRODUCT = YES;
			};
			name = Release;
		};
		3FEBA7F32727FA18006C476F /* Debug */ = {
			isa = XCBuildConfiguration;
			buildSettings = {
				ASSETCATALOG_COMPILER_APPICON_NAME = AppIcon;
				ASSETCATALOG_COMPILER_GLOBAL_ACCENT_COLOR_NAME = AccentColor;
				CODE_SIGN_STYLE = Automatic;
				CURRENT_PROJECT_VERSION = 1;
				DEVELOPMENT_TEAM = 9G6V47L895;
				GENERATE_INFOPLIST_FILE = YES;
				INFOPLIST_FILE = FlightRadar/AppDelegate/Info.plist;
				INFOPLIST_KEY_NSLocationAlwaysAndWhenInUseUsageDescription = "Give access to your location in order to search flights and airports near You!";
				INFOPLIST_KEY_NSLocationWhenInUseUsageDescription = "Give access to your location in order to search flights and airports near You!";
				INFOPLIST_KEY_UIApplicationSupportsIndirectInputEvents = YES;
				INFOPLIST_KEY_UILaunchStoryboardName = LaunchScreen;
				INFOPLIST_KEY_UISupportedInterfaceOrientations_iPad = "UIInterfaceOrientationPortrait UIInterfaceOrientationPortraitUpsideDown UIInterfaceOrientationLandscapeLeft UIInterfaceOrientationLandscapeRight";
				INFOPLIST_KEY_UISupportedInterfaceOrientations_iPhone = "UIInterfaceOrientationPortrait UIInterfaceOrientationLandscapeLeft UIInterfaceOrientationLandscapeRight";
				LD_RUNPATH_SEARCH_PATHS = (
					"$(inherited)",
					"@executable_path/Frameworks",
				);
				MARKETING_VERSION = 1.0;
				PRODUCT_BUNDLE_IDENTIFIER = com.Budovich.Ivan.FlightRadar;
				PRODUCT_NAME = "$(TARGET_NAME)";
				SWIFT_EMIT_LOC_STRINGS = YES;
				SWIFT_VERSION = 5.0;
				TARGETED_DEVICE_FAMILY = "1,2";
			};
			name = Debug;
		};
		3FEBA7F42727FA18006C476F /* Release */ = {
			isa = XCBuildConfiguration;
			buildSettings = {
				ASSETCATALOG_COMPILER_APPICON_NAME = AppIcon;
				ASSETCATALOG_COMPILER_GLOBAL_ACCENT_COLOR_NAME = AccentColor;
				CODE_SIGN_STYLE = Automatic;
				CURRENT_PROJECT_VERSION = 1;
				DEVELOPMENT_TEAM = 9G6V47L895;
				GENERATE_INFOPLIST_FILE = YES;
				INFOPLIST_FILE = FlightRadar/AppDelegate/Info.plist;
				INFOPLIST_KEY_NSLocationAlwaysAndWhenInUseUsageDescription = "Give access to your location in order to search flights and airports near You!";
				INFOPLIST_KEY_NSLocationWhenInUseUsageDescription = "Give access to your location in order to search flights and airports near You!";
				INFOPLIST_KEY_UIApplicationSupportsIndirectInputEvents = YES;
				INFOPLIST_KEY_UILaunchStoryboardName = LaunchScreen;
				INFOPLIST_KEY_UISupportedInterfaceOrientations_iPad = "UIInterfaceOrientationPortrait UIInterfaceOrientationPortraitUpsideDown UIInterfaceOrientationLandscapeLeft UIInterfaceOrientationLandscapeRight";
				INFOPLIST_KEY_UISupportedInterfaceOrientations_iPhone = "UIInterfaceOrientationPortrait UIInterfaceOrientationLandscapeLeft UIInterfaceOrientationLandscapeRight";
				LD_RUNPATH_SEARCH_PATHS = (
					"$(inherited)",
					"@executable_path/Frameworks",
				);
				MARKETING_VERSION = 1.0;
				PRODUCT_BUNDLE_IDENTIFIER = com.Budovich.Ivan.FlightRadar;
				PRODUCT_NAME = "$(TARGET_NAME)";
				SWIFT_EMIT_LOC_STRINGS = YES;
				SWIFT_VERSION = 5.0;
				TARGETED_DEVICE_FAMILY = "1,2";
			};
			name = Release;
		};
		3FEBA7F62727FA18006C476F /* Debug */ = {
			isa = XCBuildConfiguration;
			buildSettings = {
				ALWAYS_EMBED_SWIFT_STANDARD_LIBRARIES = YES;
				BUNDLE_LOADER = "$(TEST_HOST)";
				CODE_SIGN_STYLE = Automatic;
				CURRENT_PROJECT_VERSION = 1;
				DEVELOPMENT_TEAM = 9G6V47L895;
				GENERATE_INFOPLIST_FILE = YES;
				IPHONEOS_DEPLOYMENT_TARGET = 15.0;
				LD_RUNPATH_SEARCH_PATHS = (
					"$(inherited)",
					"@executable_path/Frameworks",
					"@loader_path/Frameworks",
				);
				MARKETING_VERSION = 1.0;
				PRODUCT_BUNDLE_IDENTIFIER = com.Budovich.Ivan.FlightRadarTests;
				PRODUCT_NAME = "$(TARGET_NAME)";
				SWIFT_EMIT_LOC_STRINGS = NO;
				SWIFT_VERSION = 5.0;
				TARGETED_DEVICE_FAMILY = "1,2";
				TEST_HOST = "$(BUILT_PRODUCTS_DIR)/FlightRadar.app/FlightRadar";
			};
			name = Debug;
		};
		3FEBA7F72727FA18006C476F /* Release */ = {
			isa = XCBuildConfiguration;
			buildSettings = {
				ALWAYS_EMBED_SWIFT_STANDARD_LIBRARIES = YES;
				BUNDLE_LOADER = "$(TEST_HOST)";
				CODE_SIGN_STYLE = Automatic;
				CURRENT_PROJECT_VERSION = 1;
				DEVELOPMENT_TEAM = 9G6V47L895;
				GENERATE_INFOPLIST_FILE = YES;
				IPHONEOS_DEPLOYMENT_TARGET = 15.0;
				LD_RUNPATH_SEARCH_PATHS = (
					"$(inherited)",
					"@executable_path/Frameworks",
					"@loader_path/Frameworks",
				);
				MARKETING_VERSION = 1.0;
				PRODUCT_BUNDLE_IDENTIFIER = com.Budovich.Ivan.FlightRadarTests;
				PRODUCT_NAME = "$(TARGET_NAME)";
				SWIFT_EMIT_LOC_STRINGS = NO;
				SWIFT_VERSION = 5.0;
				TARGETED_DEVICE_FAMILY = "1,2";
				TEST_HOST = "$(BUILT_PRODUCTS_DIR)/FlightRadar.app/FlightRadar";
			};
			name = Release;
		};
/* End XCBuildConfiguration section */

/* Begin XCConfigurationList section */
		3FEBA7C02727FA17006C476F /* Build configuration list for PBXProject "FlightRadar" */ = {
			isa = XCConfigurationList;
			buildConfigurations = (
				3FEBA7F02727FA18006C476F /* Debug */,
				3FEBA7F12727FA18006C476F /* Release */,
			);
			defaultConfigurationIsVisible = 0;
			defaultConfigurationName = Release;
		};
		3FEBA7F22727FA18006C476F /* Build configuration list for PBXNativeTarget "FlightRadar" */ = {
			isa = XCConfigurationList;
			buildConfigurations = (
				3FEBA7F32727FA18006C476F /* Debug */,
				3FEBA7F42727FA18006C476F /* Release */,
			);
			defaultConfigurationIsVisible = 0;
			defaultConfigurationName = Release;
		};
		3FEBA7F52727FA18006C476F /* Build configuration list for PBXNativeTarget "FlightRadarTests" */ = {
			isa = XCConfigurationList;
			buildConfigurations = (
				3FEBA7F62727FA18006C476F /* Debug */,
				3FEBA7F72727FA18006C476F /* Release */,
			);
			defaultConfigurationIsVisible = 0;
			defaultConfigurationName = Release;
		};
/* End XCConfigurationList section */

/* Begin XCRemoteSwiftPackageReference section */
		3F99DFC9273A4F63009A838C /* XCRemoteSwiftPackageReference "RxNuke" */ = {
			isa = XCRemoteSwiftPackageReference;
			repositoryURL = "git@github.com:kean/RxNuke.git";
			requirement = {
				kind = upToNextMajorVersion;
				minimumVersion = 3.0.0;
			};
		};
		3FEBA811272801CB006C476F /* XCRemoteSwiftPackageReference "RxSwift" */ = {
			isa = XCRemoteSwiftPackageReference;
			repositoryURL = "https://github.com/ReactiveX/RxSwift.git";
			requirement = {
				branch = main;
				kind = branch;
			};
		};
		3FEBA81A272801E8006C476F /* XCRemoteSwiftPackageReference "Alamofire" */ = {
			isa = XCRemoteSwiftPackageReference;
			repositoryURL = "https://github.com/Alamofire/Alamofire.git";
			requirement = {
				branch = master;
				kind = branch;
			};
		};
		3FEBA81D27280234006C476F /* XCRemoteSwiftPackageReference "RxAlamofire" */ = {
			isa = XCRemoteSwiftPackageReference;
			repositoryURL = "git@github.com:RxSwiftCommunity/RxAlamofire.git";
			requirement = {
				kind = upToNextMajorVersion;
				minimumVersion = 6.0.0;
			};
		};
/* End XCRemoteSwiftPackageReference section */

/* Begin XCSwiftPackageProductDependency section */
		3F99DFCA273A4F63009A838C /* RxNuke */ = {
			isa = XCSwiftPackageProductDependency;
			package = 3F99DFC9273A4F63009A838C /* XCRemoteSwiftPackageReference "RxNuke" */;
			productName = RxNuke;
		};
		3FEBA812272801CB006C476F /* RxBlocking */ = {
			isa = XCSwiftPackageProductDependency;
			package = 3FEBA811272801CB006C476F /* XCRemoteSwiftPackageReference "RxSwift" */;
			productName = RxBlocking;
		};
		3FEBA814272801CB006C476F /* RxCocoa */ = {
			isa = XCSwiftPackageProductDependency;
			package = 3FEBA811272801CB006C476F /* XCRemoteSwiftPackageReference "RxSwift" */;
			productName = RxCocoa;
		};
		3FEBA816272801CB006C476F /* RxRelay */ = {
			isa = XCSwiftPackageProductDependency;
			package = 3FEBA811272801CB006C476F /* XCRemoteSwiftPackageReference "RxSwift" */;
			productName = RxRelay;
		};
		3FEBA818272801CB006C476F /* RxSwift */ = {
			isa = XCSwiftPackageProductDependency;
			package = 3FEBA811272801CB006C476F /* XCRemoteSwiftPackageReference "RxSwift" */;
			productName = RxSwift;
		};
		3FEBA81B272801E8006C476F /* Alamofire */ = {
			isa = XCSwiftPackageProductDependency;
			package = 3FEBA81A272801E8006C476F /* XCRemoteSwiftPackageReference "Alamofire" */;
			productName = Alamofire;
		};
		3FEBA81E27280234006C476F /* RxAlamofire */ = {
			isa = XCSwiftPackageProductDependency;
			package = 3FEBA81D27280234006C476F /* XCRemoteSwiftPackageReference "RxAlamofire" */;
			productName = RxAlamofire;
		};
/* End XCSwiftPackageProductDependency section */

/* Begin XCVersionGroup section */
		3FEBA7D12727FA17006C476F /* FlightRadar.xcdatamodeld */ = {
			isa = XCVersionGroup;
			children = (
				3FEBA7D22727FA17006C476F /* FlightRadar.xcdatamodel */,
			);
			currentVersion = 3FEBA7D22727FA17006C476F /* FlightRadar.xcdatamodel */;
			path = FlightRadar.xcdatamodeld;
			sourceTree = "<group>";
			versionGroupType = wrapper.xcdatamodel;
		};
/* End XCVersionGroup section */
	};
	rootObject = 3FEBA7BD2727FA17006C476F /* Project object */;
}
